PODS:
  - ChainableAnimations (3.0.1)
  - KMNavigationBarTransition (1.1.5)
  - MJRefresh (3.1.15)
  - SDWebImage (4.0.0):
    - SDWebImage/Core (= 4.0.0)
  - SDWebImage/Core (4.0.0)
  - SVProgressHUD (2.2.2)
  - TBActionSheet (1.5.5)
  - TokenNetworking (1.0.1)
  - UITableView+FDTemplateLayoutCell (1.6)
  - Yoga (1.6.0)
  - YogaKit (1.6.0):
    - Yoga (~> 1.6)

DEPENDENCIES:
  - ChainableAnimations
  - KMNavigationBarTransition
  - MJRefresh
  - SDWebImage
  - SVProgressHUD
  - TBActionSheet
  - TokenNetworking
  - UITableView+FDTemplateLayoutCell
  - YogaKit

SPEC CHECKSUMS:
  ChainableAnimations: 12e0a88e72fb554ad4cda38c40474e4d65c972a2
  KMNavigationBarTransition: 7a52c9bc25b39b6e3343e980b453facee1591b82
  MJRefresh: 9af70f5f9327a2cf87f0fb5929f35fcc2fa638ea
  SDWebImage: 76a6348bdc74eb5a55dd08a091ef298e56b55e41
  SVProgressHUD: 59b2d3dabacbd051576d21d32293ca7228dc18b0
  TBActionSheet: f1c95530f81b41b6dd75d9f653331e953fb3c7f5
  TokenNetworking: 09d71ff2ddb0b50e7982f26ba5e8b793b0e61618
  UITableView+FDTemplateLayoutCell: 5c949b4a5059c404b442926c0e80f81d10a2d66f
  Yoga: 81670877477311136b1b3f69a6307ce62e1c89cf
  YogaKit: 8fe0ddd21673226c0b6077fc3ad5c8fa6cda722e

PODFILE CHECKSUM: ba156fd33532d91b6feddf5c7c182d477d1871b5

COCOAPODS: 1.3.1
