// !$*UTF8*$!
{
	archiveVersion = 1;
	classes = {
	};
	objectVersion = 48;
	objects = {

/* Begin PBXBuildFile section */
		9B69AFB11FB3117D0044AA28 /* AppDelegate.m in Sources */ = {isa = PBXBuildFile; fileRef = 9B69AFB01FB3117D0044AA28 /* AppDelegate.m */; };
		9B69AFB41FB3117D0044AA28 /* ViewController.m in Sources */ = {isa = PBXBuildFile; fileRef = 9B69AFB31FB3117D0044AA28 /* ViewController.m */; };
		9B69AFB71FB3117D0044AA28 /* Main.storyboard in Resources */ = {isa = PBXBuildFile; fileRef = 9B69AFB51FB3117D0044AA28 /* Main.storyboard */; };
		9B69AFB91FB3117D0044AA28 /* Assets.xcassets in Resources */ = {isa = PBXBuildFile; fileRef = 9B69AFB81FB3117D0044AA28 /* Assets.xcassets */; };
		9B69AFBC1FB3117D0044AA28 /* LaunchScreen.storyboard in Resources */ = {isa = PBXBuildFile; fileRef = 9B69AFBA1FB3117D0044AA28 /* LaunchScreen.storyboard */; };
		9B69AFBF1FB3117D0044AA28 /* main.m in Sources */ = {isa = PBXBuildFile; fileRef = 9B69AFBE1FB3117D0044AA28 /* main.m */; };
		9B69AFC91FB3117D0044AA28 /* TokenHybridTests.m in Sources */ = {isa = PBXBuildFile; fileRef = 9B69AFC81FB3117D0044AA28 /* TokenHybridTests.m */; };
		9B7129D41FDFCC17004BB573 /* UIColor+SSRender.m in Sources */ = {isa = PBXBuildFile; fileRef = 9B7129721FDFCC0C004BB573 /* UIColor+SSRender.m */; };
		9B7129D51FDFCC17004BB573 /* NSUserDefaults+Token.m in Sources */ = {isa = PBXBuildFile; fileRef = 9B7129731FDFCC0C004BB573 /* NSUserDefaults+Token.m */; };
		9B7129D61FDFCC17004BB573 /* UIViewController+Token.m in Sources */ = {isa = PBXBuildFile; fileRef = 9B7129751FDFCC0C004BB573 /* UIViewController+Token.m */; };
		9B7129D71FDFCC17004BB573 /* NSString+Token.m in Sources */ = {isa = PBXBuildFile; fileRef = 9B7129761FDFCC0C004BB573 /* NSString+Token.m */; };
		9B7129D81FDFCC17004BB573 /* UIColor+Token.m in Sources */ = {isa = PBXBuildFile; fileRef = 9B7129781FDFCC0C004BB573 /* UIColor+Token.m */; };
		9B7129D91FDFCC17004BB573 /* UIView+Token.m in Sources */ = {isa = PBXBuildFile; fileRef = 9B71297C1FDFCC0C004BB573 /* UIView+Token.m */; };
		9B7129DA1FDFCC17004BB573 /* Collection+Token.m in Sources */ = {isa = PBXBuildFile; fileRef = 9B71297E1FDFCC0C004BB573 /* Collection+Token.m */; };
		9B7129DB1FDFCC17004BB573 /* TokenXMLNode+JSExport.m in Sources */ = {isa = PBXBuildFile; fileRef = 9B7129821FDFCC0C004BB573 /* TokenXMLNode+JSExport.m */; };
		9B7129DC1FDFCC17004BB573 /* TokenComponent+pullRefresh.m in Sources */ = {isa = PBXBuildFile; fileRef = 9B7129831FDFCC0C004BB573 /* TokenComponent+pullRefresh.m */; };
		9B7129DD1FDFCC17004BB573 /* JSValue+Token.m in Sources */ = {isa = PBXBuildFile; fileRef = 9B7129841FDFCC0C004BB573 /* JSValue+Token.m */; };
		9B7129DE1FDFCC17004BB573 /* NSDictionary+chainScript.m in Sources */ = {isa = PBXBuildFile; fileRef = 9B7129871FDFCC0C004BB573 /* NSDictionary+chainScript.m */; };
		9B7129DF1FDFCC17004BB573 /* UIView+TokenFlexLayout.m in Sources */ = {isa = PBXBuildFile; fileRef = 9B71298B1FDFCC0C004BB573 /* UIView+TokenFlexLayout.m */; };
		9B7129E01FDFCC17004BB573 /* UIView+Attributes.m in Sources */ = {isa = PBXBuildFile; fileRef = 9B71298C1FDFCC0C004BB573 /* UIView+Attributes.m */; };
		9B7129E11FDFCC17004BB573 /* NSString+TokenHybrid.m in Sources */ = {isa = PBXBuildFile; fileRef = 9B71298D1FDFCC0C004BB573 /* NSString+TokenHybrid.m */; };
		9B7129E21FDFCC17004BB573 /* TokenJSContext.m in Sources */ = {isa = PBXBuildFile; fileRef = 9B7129901FDFCC0C004BB573 /* TokenJSContext.m */; };
		9B7129E41FDFCC17004BB573 /* TokenTool.m in Sources */ = {isa = PBXBuildFile; fileRef = 9B7129941FDFCC0C004BB573 /* TokenTool.m */; };
		9B7129E51FDFCC17004BB573 /* TokenTableSectionView.m in Sources */ = {isa = PBXBuildFile; fileRef = 9B71299C1FDFCC0C004BB573 /* TokenTableSectionView.m */; };
		9B7129E61FDFCC17004BB573 /* TokenDataItem.m in Sources */ = {isa = PBXBuildFile; fileRef = 9B71299D1FDFCC0C004BB573 /* TokenDataItem.m */; };
		9B7129E71FDFCC17004BB573 /* TokenTableCell.m in Sources */ = {isa = PBXBuildFile; fileRef = 9B71299E1FDFCC0C004BB573 /* TokenTableCell.m */; };
		9B7129E81FDFCC17004BB573 /* TokenTableComponent.m in Sources */ = {isa = PBXBuildFile; fileRef = 9B7129A31FDFCC0C004BB573 /* TokenTableComponent.m */; };
		9B7129E91FDFCC17004BB573 /* TokenTextAreaComponent.m in Sources */ = {isa = PBXBuildFile; fileRef = 9B7129A51FDFCC0C004BB573 /* TokenTextAreaComponent.m */; };
		9B7129EA1FDFCC17004BB573 /* TokenScrollComponent.m in Sources */ = {isa = PBXBuildFile; fileRef = 9B7129A71FDFCC0C004BB573 /* TokenScrollComponent.m */; };
		9B7129EB1FDFCC17004BB573 /* TokenSegmentedComponent.m in Sources */ = {isa = PBXBuildFile; fileRef = 9B7129A81FDFCC0C004BB573 /* TokenSegmentedComponent.m */; };
		9B7129EC1FDFCC17004BB573 /* TokenPageControl.m in Sources */ = {isa = PBXBuildFile; fileRef = 9B7129A91FDFCC0C004BB573 /* TokenPageControl.m */; };
		9B7129ED1FDFCC17004BB573 /* TokenPickerComponent.m in Sources */ = {isa = PBXBuildFile; fileRef = 9B7129AB1FDFCC0C004BB573 /* TokenPickerComponent.m */; };
		9B7129EE1FDFCC17004BB573 /* TokenWebViewComponent.m in Sources */ = {isa = PBXBuildFile; fileRef = 9B7129AE1FDFCC0C004BB573 /* TokenWebViewComponent.m */; };
		9B7129EF1FDFCC17004BB573 /* TokenButtonComponent.m in Sources */ = {isa = PBXBuildFile; fileRef = 9B7129AF1FDFCC0C004BB573 /* TokenButtonComponent.m */; };
		9B7129F01FDFCC17004BB573 /* TokenImageComponent.m in Sources */ = {isa = PBXBuildFile; fileRef = 9B7129B11FDFCC0C004BB573 /* TokenImageComponent.m */; };
		9B7129F11FDFCC17004BB573 /* TokenHybridRenderController.m in Sources */ = {isa = PBXBuildFile; fileRef = 9B7129B21FDFCC0C004BB573 /* TokenHybridRenderController.m */; };
		9B7129F21FDFCC17004BB573 /* TokenSwitchComponent.m in Sources */ = {isa = PBXBuildFile; fileRef = 9B7129B51FDFCC0C004BB573 /* TokenSwitchComponent.m */; };
		9B7129F31FDFCC17004BB573 /* TokenLabelComponent.m in Sources */ = {isa = PBXBuildFile; fileRef = 9B7129B61FDFCC0C004BB573 /* TokenLabelComponent.m */; };
		9B7129F41FDFCC17004BB573 /* TokenInputComponent.m in Sources */ = {isa = PBXBuildFile; fileRef = 9B7129BA1FDFCC0C004BB573 /* TokenInputComponent.m */; };
		9B7129F51FDFCC17004BB573 /* TokenPureComponent.m in Sources */ = {isa = PBXBuildFile; fileRef = 9B7129BB1FDFCC0C004BB573 /* TokenPureComponent.m */; };
		9B7129F61FDFCC17004BB573 /* TokenSearchBarComponent.m in Sources */ = {isa = PBXBuildFile; fileRef = 9B7129BE1FDFCC0C004BB573 /* TokenSearchBarComponent.m */; };
		9B7129F71FDFCC17004BB573 /* TokenXMLParser.m in Sources */ = {isa = PBXBuildFile; fileRef = 9B7129C11FDFCC0C004BB573 /* TokenXMLParser.m */; };
		9B7129F81FDFCC17004BB573 /* TokenCSSParser.m in Sources */ = {isa = PBXBuildFile; fileRef = 9B7129C21FDFCC0C004BB573 /* TokenCSSParser.m */; };
		9B7129F91FDFCC17004BB573 /* TokenXMLNode.m in Sources */ = {isa = PBXBuildFile; fileRef = 9B7129C51FDFCC0C004BB573 /* TokenXMLNode.m */; };
		9B7129FA1FDFCC17004BB573 /* TokenDocument.m in Sources */ = {isa = PBXBuildFile; fileRef = 9B7129C81FDFCC0C004BB573 /* TokenDocument.m */; };
		9B7129FB1FDFCC17004BB573 /* TokenViewBuilder.m in Sources */ = {isa = PBXBuildFile; fileRef = 9B7129CC1FDFCC0C004BB573 /* TokenViewBuilder.m */; };
		9B7129FC1FDFCC17004BB573 /* TokenHybridStack.m in Sources */ = {isa = PBXBuildFile; fileRef = 9B7129CD1FDFCC0C004BB573 /* TokenHybridStack.m */; };
		9B7129FD1FDFCC17004BB573 /* TokenNodeComponentRegister.m in Sources */ = {isa = PBXBuildFile; fileRef = 9B7129CE1FDFCC0C004BB573 /* TokenNodeComponentRegister.m */; };
		9B7129FE1FDFCC17004BB573 /* TokenHybridOrganizer.m in Sources */ = {isa = PBXBuildFile; fileRef = 9B7129CF1FDFCC0C004BB573 /* TokenHybridOrganizer.m */; };
		9B7129FF1FDFCC17004BB573 /* TokenHybridConstant.m in Sources */ = {isa = PBXBuildFile; fileRef = 9B7129D31FDFCC0C004BB573 /* TokenHybridConstant.m */; };
		9B712A001FDFCC23004BB573 /* TokenBase.js in Resources */ = {isa = PBXBuildFile; fileRef = 9B7129971FDFCC0C004BB573 /* TokenBase.js */; };
		9B712A031FDFD28C004BB573 /* TokenHybridRenderView.m in Sources */ = {isa = PBXBuildFile; fileRef = 9B712A021FDFD28C004BB573 /* TokenHybridRenderView.m */; };
		EF9C24C8E23C7CD9511D6D58 /* Pods_TokenHybrid.framework in Frameworks */ = {isa = PBXBuildFile; fileRef = 2097151F60668847B9E02042 /* Pods_TokenHybrid.framework */; };
/* End PBXBuildFile section */

/* Begin PBXContainerItemProxy section */
		9B69AFC51FB3117D0044AA28 /* PBXContainerItemProxy */ = {
			isa = PBXContainerItemProxy;
			containerPortal = 9B69AFA41FB3117D0044AA28 /* Project object */;
			proxyType = 1;
			remoteGlobalIDString = 9B69AFAB1FB3117D0044AA28;
			remoteInfo = TokenHybrid;
		};
/* End PBXContainerItemProxy section */

/* Begin PBXFileReference section */
		2097151F60668847B9E02042 /* Pods_TokenHybrid.framework */ = {isa = PBXFileReference; explicitFileType = wrapper.framework; includeInIndex = 0; path = Pods_TokenHybrid.framework; sourceTree = BUILT_PRODUCTS_DIR; };
		67A344AA5B0106750828224A /* Pods-TokenHybrid.release.xcconfig */ = {isa = PBXFileReference; includeInIndex = 1; lastKnownFileType = text.xcconfig; name = "Pods-TokenHybrid.release.xcconfig"; path = "Pods/Target Support Files/Pods-TokenHybrid/Pods-TokenHybrid.release.xcconfig"; sourceTree = "<group>"; };
		9B69AFAC1FB3117D0044AA28 /* TokenHybrid.app */ = {isa = PBXFileReference; explicitFileType = wrapper.application; includeInIndex = 0; path = TokenHybrid.app; sourceTree = BUILT_PRODUCTS_DIR; };
		9B69AFAF1FB3117D0044AA28 /* AppDelegate.h */ = {isa = PBXFileReference; lastKnownFileType = sourcecode.c.h; path = AppDelegate.h; sourceTree = "<group>"; };
		9B69AFB01FB3117D0044AA28 /* AppDelegate.m */ = {isa = PBXFileReference; lastKnownFileType = sourcecode.c.objc; path = AppDelegate.m; sourceTree = "<group>"; };
		9B69AFB21FB3117D0044AA28 /* ViewController.h */ = {isa = PBXFileReference; lastKnownFileType = sourcecode.c.h; path = ViewController.h; sourceTree = "<group>"; };
		9B69AFB31FB3117D0044AA28 /* ViewController.m */ = {isa = PBXFileReference; lastKnownFileType = sourcecode.c.objc; path = ViewController.m; sourceTree = "<group>"; };
		9B69AFB61FB3117D0044AA28 /* Base */ = {isa = PBXFileReference; lastKnownFileType = file.storyboard; name = Base; path = Base.lproj/Main.storyboard; sourceTree = "<group>"; };
		9B69AFB81FB3117D0044AA28 /* Assets.xcassets */ = {isa = PBXFileReference; lastKnownFileType = folder.assetcatalog; path = Assets.xcassets; sourceTree = "<group>"; };
		9B69AFBB1FB3117D0044AA28 /* Base */ = {isa = PBXFileReference; lastKnownFileType = file.storyboard; name = Base; path = Base.lproj/LaunchScreen.storyboard; sourceTree = "<group>"; };
		9B69AFBD1FB3117D0044AA28 /* Info.plist */ = {isa = PBXFileReference; lastKnownFileType = text.plist.xml; path = Info.plist; sourceTree = "<group>"; };
		9B69AFBE1FB3117D0044AA28 /* main.m */ = {isa = PBXFileReference; lastKnownFileType = sourcecode.c.objc; path = main.m; sourceTree = "<group>"; };
		9B69AFC41FB3117D0044AA28 /* TokenHybridTests.xctest */ = {isa = PBXFileReference; explicitFileType = wrapper.cfbundle; includeInIndex = 0; path = TokenHybridTests.xctest; sourceTree = BUILT_PRODUCTS_DIR; };
		9B69AFC81FB3117D0044AA28 /* TokenHybridTests.m */ = {isa = PBXFileReference; lastKnownFileType = sourcecode.c.objc; path = TokenHybridTests.m; sourceTree = "<group>"; };
		9B69AFCA1FB3117D0044AA28 /* Info.plist */ = {isa = PBXFileReference; lastKnownFileType = text.plist.xml; path = Info.plist; sourceTree = "<group>"; };
		9B7129711FDFCC0C004BB573 /* UIColor+Token.h */ = {isa = PBXFileReference; lastKnownFileType = sourcecode.c.h; path = "UIColor+Token.h"; sourceTree = "<group>"; };
		9B7129721FDFCC0C004BB573 /* UIColor+SSRender.m */ = {isa = PBXFileReference; lastKnownFileType = sourcecode.c.objc; path = "UIColor+SSRender.m"; sourceTree = "<group>"; };
		9B7129731FDFCC0C004BB573 /* NSUserDefaults+Token.m */ = {isa = PBXFileReference; lastKnownFileType = sourcecode.c.objc; path = "NSUserDefaults+Token.m"; sourceTree = "<group>"; };
		9B7129741FDFCC0C004BB573 /* UIView+Token.h */ = {isa = PBXFileReference; lastKnownFileType = sourcecode.c.h; path = "UIView+Token.h"; sourceTree = "<group>"; };
		9B7129751FDFCC0C004BB573 /* UIViewController+Token.m */ = {isa = PBXFileReference; lastKnownFileType = sourcecode.c.objc; path = "UIViewController+Token.m"; sourceTree = "<group>"; };
		9B7129761FDFCC0C004BB573 /* NSString+Token.m */ = {isa = PBXFileReference; lastKnownFileType = sourcecode.c.objc; path = "NSString+Token.m"; sourceTree = "<group>"; };
		9B7129771FDFCC0C004BB573 /* Collection+Token.h */ = {isa = PBXFileReference; lastKnownFileType = sourcecode.c.h; path = "Collection+Token.h"; sourceTree = "<group>"; };
		9B7129781FDFCC0C004BB573 /* UIColor+Token.m */ = {isa = PBXFileReference; lastKnownFileType = sourcecode.c.objc; path = "UIColor+Token.m"; sourceTree = "<group>"; };
		9B7129791FDFCC0C004BB573 /* TokenExtensionHeader.h */ = {isa = PBXFileReference; lastKnownFileType = sourcecode.c.h; path = TokenExtensionHeader.h; sourceTree = "<group>"; };
		9B71297A1FDFCC0C004BB573 /* NSUserDefaults+Token.h */ = {isa = PBXFileReference; lastKnownFileType = sourcecode.c.h; path = "NSUserDefaults+Token.h"; sourceTree = "<group>"; };
		9B71297B1FDFCC0C004BB573 /* UIColor+SSRender.h */ = {isa = PBXFileReference; lastKnownFileType = sourcecode.c.h; path = "UIColor+SSRender.h"; sourceTree = "<group>"; };
		9B71297C1FDFCC0C004BB573 /* UIView+Token.m */ = {isa = PBXFileReference; lastKnownFileType = sourcecode.c.objc; path = "UIView+Token.m"; sourceTree = "<group>"; };
		9B71297D1FDFCC0C004BB573 /* NSString+Token.h */ = {isa = PBXFileReference; lastKnownFileType = sourcecode.c.h; path = "NSString+Token.h"; sourceTree = "<group>"; };
		9B71297E1FDFCC0C004BB573 /* Collection+Token.m */ = {isa = PBXFileReference; lastKnownFileType = sourcecode.c.objc; path = "Collection+Token.m"; sourceTree = "<group>"; };
		9B71297F1FDFCC0C004BB573 /* UIViewController+Token.h */ = {isa = PBXFileReference; lastKnownFileType = sourcecode.c.h; path = "UIViewController+Token.h"; sourceTree = "<group>"; };
		9B7129811FDFCC0C004BB573 /* UIView+TokenFlexLayout.h */ = {isa = PBXFileReference; lastKnownFileType = sourcecode.c.h; path = "UIView+TokenFlexLayout.h"; sourceTree = "<group>"; };
		9B7129821FDFCC0C004BB573 /* TokenXMLNode+JSExport.m */ = {isa = PBXFileReference; lastKnownFileType = sourcecode.c.objc; path = "TokenXMLNode+JSExport.m"; sourceTree = "<group>"; };
		9B7129831FDFCC0C004BB573 /* TokenComponent+pullRefresh.m */ = {isa = PBXFileReference; lastKnownFileType = sourcecode.c.objc; path = "TokenComponent+pullRefresh.m"; sourceTree = "<group>"; };
		9B7129841FDFCC0C004BB573 /* JSValue+Token.m */ = {isa = PBXFileReference; lastKnownFileType = sourcecode.c.objc; path = "JSValue+Token.m"; sourceTree = "<group>"; };
		9B7129851FDFCC0C004BB573 /* UIView+Attributes.h */ = {isa = PBXFileReference; lastKnownFileType = sourcecode.c.h; path = "UIView+Attributes.h"; sourceTree = "<group>"; };
		9B7129861FDFCC0C004BB573 /* NSString+TokenHybrid.h */ = {isa = PBXFileReference; lastKnownFileType = sourcecode.c.h; path = "NSString+TokenHybrid.h"; sourceTree = "<group>"; };
		9B7129871FDFCC0C004BB573 /* NSDictionary+chainScript.m */ = {isa = PBXFileReference; lastKnownFileType = sourcecode.c.objc; path = "NSDictionary+chainScript.m"; sourceTree = "<group>"; };
		9B7129881FDFCC0C004BB573 /* JSValue+Token.h */ = {isa = PBXFileReference; lastKnownFileType = sourcecode.c.h; path = "JSValue+Token.h"; sourceTree = "<group>"; };
		9B7129891FDFCC0C004BB573 /* TokenComponent+pullRefresh.h */ = {isa = PBXFileReference; lastKnownFileType = sourcecode.c.h; path = "TokenComponent+pullRefresh.h"; sourceTree = "<group>"; };
		9B71298A1FDFCC0C004BB573 /* TokenXMLNode+JSExport.h */ = {isa = PBXFileReference; lastKnownFileType = sourcecode.c.h; path = "TokenXMLNode+JSExport.h"; sourceTree = "<group>"; };
		9B71298B1FDFCC0C004BB573 /* UIView+TokenFlexLayout.m */ = {isa = PBXFileReference; lastKnownFileType = sourcecode.c.objc; path = "UIView+TokenFlexLayout.m"; sourceTree = "<group>"; };
		9B71298C1FDFCC0C004BB573 /* UIView+Attributes.m */ = {isa = PBXFileReference; lastKnownFileType = sourcecode.c.objc; path = "UIView+Attributes.m"; sourceTree = "<group>"; };
		9B71298D1FDFCC0C004BB573 /* NSString+TokenHybrid.m */ = {isa = PBXFileReference; lastKnownFileType = sourcecode.c.objc; path = "NSString+TokenHybrid.m"; sourceTree = "<group>"; };
		9B71298E1FDFCC0C004BB573 /* NSDictionary+chainScript.h */ = {isa = PBXFileReference; lastKnownFileType = sourcecode.c.h; path = "NSDictionary+chainScript.h"; sourceTree = "<group>"; };
		9B7129901FDFCC0C004BB573 /* TokenJSContext.m */ = {isa = PBXFileReference; lastKnownFileType = sourcecode.c.objc; path = TokenJSContext.m; sourceTree = "<group>"; };
		9B7129911FDFCC0C004BB573 /* TokenTool.h */ = {isa = PBXFileReference; lastKnownFileType = sourcecode.c.h; path = TokenTool.h; sourceTree = "<group>"; };
		9B7129921FDFCC0C004BB573 /* TokenHybridDefine.h */ = {isa = PBXFileReference; lastKnownFileType = sourcecode.c.h; path = TokenHybridDefine.h; sourceTree = "<group>"; };
		9B7129941FDFCC0C004BB573 /* TokenTool.m */ = {isa = PBXFileReference; lastKnownFileType = sourcecode.c.objc; path = TokenTool.m; sourceTree = "<group>"; };
		9B7129951FDFCC0C004BB573 /* TokenJSContext.h */ = {isa = PBXFileReference; lastKnownFileType = sourcecode.c.h; path = TokenJSContext.h; sourceTree = "<group>"; };
		9B7129971FDFCC0C004BB573 /* TokenBase.js */ = {isa = PBXFileReference; lastKnownFileType = sourcecode.javascript; path = TokenBase.js; sourceTree = "<group>"; };
		9B71299A1FDFCC0C004BB573 /* TokenHybridRenderController.h */ = {isa = PBXFileReference; lastKnownFileType = sourcecode.c.h; path = TokenHybridRenderController.h; sourceTree = "<group>"; };
		9B71299C1FDFCC0C004BB573 /* TokenTableSectionView.m */ = {isa = PBXFileReference; lastKnownFileType = sourcecode.c.objc; path = TokenTableSectionView.m; sourceTree = "<group>"; };
		9B71299D1FDFCC0C004BB573 /* TokenDataItem.m */ = {isa = PBXFileReference; lastKnownFileType = sourcecode.c.objc; path = TokenDataItem.m; sourceTree = "<group>"; };
		9B71299E1FDFCC0C004BB573 /* TokenTableCell.m */ = {isa = PBXFileReference; lastKnownFileType = sourcecode.c.objc; path = TokenTableCell.m; sourceTree = "<group>"; };
		9B71299F1FDFCC0C004BB573 /* TokenTableComponent.h */ = {isa = PBXFileReference; lastKnownFileType = sourcecode.c.h; path = TokenTableComponent.h; sourceTree = "<group>"; };
		9B7129A01FDFCC0C004BB573 /* TokenDataItem.h */ = {isa = PBXFileReference; lastKnownFileType = sourcecode.c.h; path = TokenDataItem.h; sourceTree = "<group>"; };
		9B7129A11FDFCC0C004BB573 /* TokenTableCell.h */ = {isa = PBXFileReference; lastKnownFileType = sourcecode.c.h; path = TokenTableCell.h; sourceTree = "<group>"; };
		9B7129A21FDFCC0C004BB573 /* TokenTableSectionView.h */ = {isa = PBXFileReference; lastKnownFileType = sourcecode.c.h; path = TokenTableSectionView.h; sourceTree = "<group>"; };
		9B7129A31FDFCC0C004BB573 /* TokenTableComponent.m */ = {isa = PBXFileReference; lastKnownFileType = sourcecode.c.objc; path = TokenTableComponent.m; sourceTree = "<group>"; };
		9B7129A41FDFCC0C004BB573 /* TokenImageComponent.h */ = {isa = PBXFileReference; lastKnownFileType = sourcecode.c.h; path = TokenImageComponent.h; sourceTree = "<group>"; };
		9B7129A51FDFCC0C004BB573 /* TokenTextAreaComponent.m */ = {isa = PBXFileReference; lastKnownFileType = sourcecode.c.objc; path = TokenTextAreaComponent.m; sourceTree = "<group>"; };
		9B7129A61FDFCC0C004BB573 /* TokenInputComponent.h */ = {isa = PBXFileReference; lastKnownFileType = sourcecode.c.h; path = TokenInputComponent.h; sourceTree = "<group>"; };
		9B7129A71FDFCC0C004BB573 /* TokenScrollComponent.m */ = {isa = PBXFileReference; lastKnownFileType = sourcecode.c.objc; path = TokenScrollComponent.m; sourceTree = "<group>"; };
		9B7129A81FDFCC0C004BB573 /* TokenSegmentedComponent.m */ = {isa = PBXFileReference; lastKnownFileType = sourcecode.c.objc; path = TokenSegmentedComponent.m; sourceTree = "<group>"; };
		9B7129A91FDFCC0C004BB573 /* TokenPageControl.m */ = {isa = PBXFileReference; lastKnownFileType = sourcecode.c.objc; path = TokenPageControl.m; sourceTree = "<group>"; };
		9B7129AA1FDFCC0C004BB573 /* TokenLabelComponent.h */ = {isa = PBXFileReference; lastKnownFileType = sourcecode.c.h; path = TokenLabelComponent.h; sourceTree = "<group>"; };
		9B7129AB1FDFCC0C004BB573 /* TokenPickerComponent.m */ = {isa = PBXFileReference; lastKnownFileType = sourcecode.c.objc; path = TokenPickerComponent.m; sourceTree = "<group>"; };
		9B7129AC1FDFCC0C004BB573 /* TokenSwitchComponent.h */ = {isa = PBXFileReference; lastKnownFileType = sourcecode.c.h; path = TokenSwitchComponent.h; sourceTree = "<group>"; };
		9B7129AD1FDFCC0C004BB573 /* TokenSearchBarComponent.h */ = {isa = PBXFileReference; lastKnownFileType = sourcecode.c.h; path = TokenSearchBarComponent.h; sourceTree = "<group>"; };
		9B7129AE1FDFCC0C004BB573 /* TokenWebViewComponent.m */ = {isa = PBXFileReference; lastKnownFileType = sourcecode.c.objc; path = TokenWebViewComponent.m; sourceTree = "<group>"; };
		9B7129AF1FDFCC0C004BB573 /* TokenButtonComponent.m */ = {isa = PBXFileReference; lastKnownFileType = sourcecode.c.objc; path = TokenButtonComponent.m; sourceTree = "<group>"; };
		9B7129B01FDFCC0C004BB573 /* TokenPureComponent.h */ = {isa = PBXFileReference; lastKnownFileType = sourcecode.c.h; path = TokenPureComponent.h; sourceTree = "<group>"; };
		9B7129B11FDFCC0C004BB573 /* TokenImageComponent.m */ = {isa = PBXFileReference; lastKnownFileType = sourcecode.c.objc; path = TokenImageComponent.m; sourceTree = "<group>"; };
		9B7129B21FDFCC0C004BB573 /* TokenHybridRenderController.m */ = {isa = PBXFileReference; lastKnownFileType = sourcecode.c.objc; path = TokenHybridRenderController.m; sourceTree = "<group>"; };
		9B7129B31FDFCC0C004BB573 /* TokenTextAreaComponent.h */ = {isa = PBXFileReference; lastKnownFileType = sourcecode.c.h; path = TokenTextAreaComponent.h; sourceTree = "<group>"; };
		9B7129B41FDFCC0C004BB573 /* TokenPickerComponent.h */ = {isa = PBXFileReference; lastKnownFileType = sourcecode.c.h; path = TokenPickerComponent.h; sourceTree = "<group>"; };
		9B7129B51FDFCC0C004BB573 /* TokenSwitchComponent.m */ = {isa = PBXFileReference; lastKnownFileType = sourcecode.c.objc; path = TokenSwitchComponent.m; sourceTree = "<group>"; };
		9B7129B61FDFCC0C004BB573 /* TokenLabelComponent.m */ = {isa = PBXFileReference; lastKnownFileType = sourcecode.c.objc; path = TokenLabelComponent.m; sourceTree = "<group>"; };
		9B7129B71FDFCC0C004BB573 /* TokenPageControl.h */ = {isa = PBXFileReference; lastKnownFileType = sourcecode.c.h; path = TokenPageControl.h; sourceTree = "<group>"; };
		9B7129B81FDFCC0C004BB573 /* TokenSegmentedComponent.h */ = {isa = PBXFileReference; lastKnownFileType = sourcecode.c.h; path = TokenSegmentedComponent.h; sourceTree = "<group>"; };
		9B7129B91FDFCC0C004BB573 /* TokenScrollComponent.h */ = {isa = PBXFileReference; lastKnownFileType = sourcecode.c.h; path = TokenScrollComponent.h; sourceTree = "<group>"; };
		9B7129BA1FDFCC0C004BB573 /* TokenInputComponent.m */ = {isa = PBXFileReference; lastKnownFileType = sourcecode.c.objc; path = TokenInputComponent.m; sourceTree = "<group>"; };
		9B7129BB1FDFCC0C004BB573 /* TokenPureComponent.m */ = {isa = PBXFileReference; lastKnownFileType = sourcecode.c.objc; path = TokenPureComponent.m; sourceTree = "<group>"; };
		9B7129BC1FDFCC0C004BB573 /* TokenWebViewComponent.h */ = {isa = PBXFileReference; lastKnownFileType = sourcecode.c.h; path = TokenWebViewComponent.h; sourceTree = "<group>"; };
		9B7129BD1FDFCC0C004BB573 /* TokenButtonComponent.h */ = {isa = PBXFileReference; lastKnownFileType = sourcecode.c.h; path = TokenButtonComponent.h; sourceTree = "<group>"; };
		9B7129BE1FDFCC0C004BB573 /* TokenSearchBarComponent.m */ = {isa = PBXFileReference; lastKnownFileType = sourcecode.c.objc; path = TokenSearchBarComponent.m; sourceTree = "<group>"; };
		9B7129C01FDFCC0C004BB573 /* TokenCSSParser.h */ = {isa = PBXFileReference; lastKnownFileType = sourcecode.c.h; path = TokenCSSParser.h; sourceTree = "<group>"; };
		9B7129C11FDFCC0C004BB573 /* TokenXMLParser.m */ = {isa = PBXFileReference; lastKnownFileType = sourcecode.c.objc; path = TokenXMLParser.m; sourceTree = "<group>"; };
		9B7129C21FDFCC0C004BB573 /* TokenCSSParser.m */ = {isa = PBXFileReference; lastKnownFileType = sourcecode.c.objc; path = TokenCSSParser.m; sourceTree = "<group>"; };
		9B7129C31FDFCC0C004BB573 /* TokenXMLParser.h */ = {isa = PBXFileReference; lastKnownFileType = sourcecode.c.h; path = TokenXMLParser.h; sourceTree = "<group>"; };
		9B7129C51FDFCC0C004BB573 /* TokenXMLNode.m */ = {isa = PBXFileReference; lastKnownFileType = sourcecode.c.objc; path = TokenXMLNode.m; sourceTree = "<group>"; };
		9B7129C61FDFCC0C004BB573 /* TokenDocument.h */ = {isa = PBXFileReference; lastKnownFileType = sourcecode.c.h; path = TokenDocument.h; sourceTree = "<group>"; };
		9B7129C71FDFCC0C004BB573 /* TokenXMLNode.h */ = {isa = PBXFileReference; lastKnownFileType = sourcecode.c.h; path = TokenXMLNode.h; sourceTree = "<group>"; };
		9B7129C81FDFCC0C004BB573 /* TokenDocument.m */ = {isa = PBXFileReference; lastKnownFileType = sourcecode.c.objc; path = TokenDocument.m; sourceTree = "<group>"; };
		9B7129CA1FDFCC0C004BB573 /* TokenHybridOrganizer.h */ = {isa = PBXFileReference; lastKnownFileType = sourcecode.c.h; path = TokenHybridOrganizer.h; sourceTree = "<group>"; };
		9B7129CB1FDFCC0C004BB573 /* TokenHybridConstant.h */ = {isa = PBXFileReference; lastKnownFileType = sourcecode.c.h; path = TokenHybridConstant.h; sourceTree = "<group>"; };
		9B7129CC1FDFCC0C004BB573 /* TokenViewBuilder.m */ = {isa = PBXFileReference; lastKnownFileType = sourcecode.c.objc; path = TokenViewBuilder.m; sourceTree = "<group>"; };
		9B7129CD1FDFCC0C004BB573 /* TokenHybridStack.m */ = {isa = PBXFileReference; lastKnownFileType = sourcecode.c.objc; path = TokenHybridStack.m; sourceTree = "<group>"; };
		9B7129CE1FDFCC0C004BB573 /* TokenNodeComponentRegister.m */ = {isa = PBXFileReference; lastKnownFileType = sourcecode.c.objc; path = TokenNodeComponentRegister.m; sourceTree = "<group>"; };
		9B7129CF1FDFCC0C004BB573 /* TokenHybridOrganizer.m */ = {isa = PBXFileReference; lastKnownFileType = sourcecode.c.objc; path = TokenHybridOrganizer.m; sourceTree = "<group>"; };
		9B7129D01FDFCC0C004BB573 /* TokenNodeComponentRegister.h */ = {isa = PBXFileReference; lastKnownFileType = sourcecode.c.h; path = TokenNodeComponentRegister.h; sourceTree = "<group>"; };
		9B7129D11FDFCC0C004BB573 /* TokenHybridStack.h */ = {isa = PBXFileReference; lastKnownFileType = sourcecode.c.h; path = TokenHybridStack.h; sourceTree = "<group>"; };
		9B7129D21FDFCC0C004BB573 /* TokenViewBuilder.h */ = {isa = PBXFileReference; lastKnownFileType = sourcecode.c.h; path = TokenViewBuilder.h; sourceTree = "<group>"; };
		9B7129D31FDFCC0C004BB573 /* TokenHybridConstant.m */ = {isa = PBXFileReference; lastKnownFileType = sourcecode.c.objc; path = TokenHybridConstant.m; sourceTree = "<group>"; };
		9B712A011FDFD28C004BB573 /* TokenHybridRenderView.h */ = {isa = PBXFileReference; lastKnownFileType = sourcecode.c.h; path = TokenHybridRenderView.h; sourceTree = "<group>"; };
		9B712A021FDFD28C004BB573 /* TokenHybridRenderView.m */ = {isa = PBXFileReference; lastKnownFileType = sourcecode.c.objc; path = TokenHybridRenderView.m; sourceTree = "<group>"; };
		FB761CF93D96A72A3D3CAA0C /* Pods-TokenHybrid.debug.xcconfig */ = {isa = PBXFileReference; includeInIndex = 1; lastKnownFileType = text.xcconfig; name = "Pods-TokenHybrid.debug.xcconfig"; path = "Pods/Target Support Files/Pods-TokenHybrid/Pods-TokenHybrid.debug.xcconfig"; sourceTree = "<group>"; };
/* End PBXFileReference section */

/* Begin PBXFrameworksBuildPhase section */
		9B69AFA91FB3117D0044AA28 /* Frameworks */ = {
			isa = PBXFrameworksBuildPhase;
			buildActionMask = 2147483647;
			files = (
				EF9C24C8E23C7CD9511D6D58 /* Pods_TokenHybrid.framework in Frameworks */,
			);
			runOnlyForDeploymentPostprocessing = 0;
		};
		9B69AFC11FB3117D0044AA28 /* Frameworks */ = {
			isa = PBXFrameworksBuildPhase;
			buildActionMask = 2147483647;
			files = (
			);
			runOnlyForDeploymentPostprocessing = 0;
		};
/* End PBXFrameworksBuildPhase section */

/* Begin PBXGroup section */
		2617B0FEB39B26D193ED2878 /* Pods */ = {
			isa = PBXGroup;
			children = (
				FB761CF93D96A72A3D3CAA0C /* Pods-TokenHybrid.debug.xcconfig */,
				67A344AA5B0106750828224A /* Pods-TokenHybrid.release.xcconfig */,
			);
			name = Pods;
			sourceTree = "<group>";
		};
		40C63371CC59AD2B8A75A56F /* Frameworks */ = {
			isa = PBXGroup;
			children = (
				2097151F60668847B9E02042 /* Pods_TokenHybrid.framework */,
			);
			name = Frameworks;
			sourceTree = "<group>";
		};
		9B69AFA31FB3117D0044AA28 = {
			isa = PBXGroup;
			children = (
				9B71296F1FDFCC0C004BB573 /* Source */,
				9B69AFAE1FB3117D0044AA28 /* TokenHybrid */,
				9B69AFC71FB3117D0044AA28 /* TokenHybridTests */,
				9B69AFAD1FB3117D0044AA28 /* Products */,
				2617B0FEB39B26D193ED2878 /* Pods */,
				40C63371CC59AD2B8A75A56F /* Frameworks */,
			);
			sourceTree = "<group>";
		};
		9B69AFAD1FB3117D0044AA28 /* Products */ = {
			isa = PBXGroup;
			children = (
				9B69AFAC1FB3117D0044AA28 /* TokenHybrid.app */,
				9B69AFC41FB3117D0044AA28 /* TokenHybridTests.xctest */,
			);
			name = Products;
			sourceTree = "<group>";
		};
		9B69AFAE1FB3117D0044AA28 /* TokenHybrid */ = {
			isa = PBXGroup;
			children = (
				9B69AFAF1FB3117D0044AA28 /* AppDelegate.h */,
				9B69AFB01FB3117D0044AA28 /* AppDelegate.m */,
				9B69AFB21FB3117D0044AA28 /* ViewController.h */,
				9B69AFB31FB3117D0044AA28 /* ViewController.m */,
				9B69AFB51FB3117D0044AA28 /* Main.storyboard */,
				9B69AFB81FB3117D0044AA28 /* Assets.xcassets */,
				9B69AFBA1FB3117D0044AA28 /* LaunchScreen.storyboard */,
				9B69AFBD1FB3117D0044AA28 /* Info.plist */,
				9B69AFBE1FB3117D0044AA28 /* main.m */,
			);
			path = TokenHybrid;
			sourceTree = "<group>";
		};
		9B69AFC71FB3117D0044AA28 /* TokenHybridTests */ = {
			isa = PBXGroup;
			children = (
				9B69AFC81FB3117D0044AA28 /* TokenHybridTests.m */,
				9B69AFCA1FB3117D0044AA28 /* Info.plist */,
			);
			path = TokenHybridTests;
			sourceTree = "<group>";
		};
		9B71296F1FDFCC0C004BB573 /* Source */ = {
			isa = PBXGroup;
			children = (
				9B7129701FDFCC0C004BB573 /* TokenExtension */,
				9B7129801FDFCC0C004BB573 /* category */,
				9B71298F1FDFCC0C004BB573 /* JavaScriptSupport */,
				9B7129991FDFCC0C004BB573 /* component */,
				9B7129BF1FDFCC0C004BB573 /* parser */,
				9B7129C41FDFCC0C004BB573 /* model */,
				9B7129C91FDFCC0C004BB573 /* tool */,
			);
			path = Source;
			sourceTree = "<group>";
		};
		9B7129701FDFCC0C004BB573 /* TokenExtension */ = {
			isa = PBXGroup;
			children = (
				9B71297B1FDFCC0C004BB573 /* UIColor+SSRender.h */,
				9B7129711FDFCC0C004BB573 /* UIColor+Token.h */,
				9B7129721FDFCC0C004BB573 /* UIColor+SSRender.m */,
				9B7129731FDFCC0C004BB573 /* NSUserDefaults+Token.m */,
				9B7129741FDFCC0C004BB573 /* UIView+Token.h */,
				9B7129751FDFCC0C004BB573 /* UIViewController+Token.m */,
				9B7129761FDFCC0C004BB573 /* NSString+Token.m */,
				9B7129771FDFCC0C004BB573 /* Collection+Token.h */,
				9B7129781FDFCC0C004BB573 /* UIColor+Token.m */,
				9B7129791FDFCC0C004BB573 /* TokenExtensionHeader.h */,
				9B71297A1FDFCC0C004BB573 /* NSUserDefaults+Token.h */,
				9B71297C1FDFCC0C004BB573 /* UIView+Token.m */,
				9B71297D1FDFCC0C004BB573 /* NSString+Token.h */,
				9B71297E1FDFCC0C004BB573 /* Collection+Token.m */,
				9B71297F1FDFCC0C004BB573 /* UIViewController+Token.h */,
			);
			path = TokenExtension;
			sourceTree = "<group>";
		};
		9B7129801FDFCC0C004BB573 /* category */ = {
			isa = PBXGroup;
			children = (
				9B7129811FDFCC0C004BB573 /* UIView+TokenFlexLayout.h */,
				9B71298B1FDFCC0C004BB573 /* UIView+TokenFlexLayout.m */,
				9B71298A1FDFCC0C004BB573 /* TokenXMLNode+JSExport.h */,
				9B7129821FDFCC0C004BB573 /* TokenXMLNode+JSExport.m */,
				9B7129891FDFCC0C004BB573 /* TokenComponent+pullRefresh.h */,
				9B7129831FDFCC0C004BB573 /* TokenComponent+pullRefresh.m */,
				9B7129881FDFCC0C004BB573 /* JSValue+Token.h */,
				9B7129841FDFCC0C004BB573 /* JSValue+Token.m */,
				9B7129851FDFCC0C004BB573 /* UIView+Attributes.h */,
				9B71298C1FDFCC0C004BB573 /* UIView+Attributes.m */,
				9B7129861FDFCC0C004BB573 /* NSString+TokenHybrid.h */,
				9B71298D1FDFCC0C004BB573 /* NSString+TokenHybrid.m */,
				9B71298E1FDFCC0C004BB573 /* NSDictionary+chainScript.h */,
				9B7129871FDFCC0C004BB573 /* NSDictionary+chainScript.m */,
			);
			path = category;
			sourceTree = "<group>";
		};
		9B71298F1FDFCC0C004BB573 /* JavaScriptSupport */ = {
			isa = PBXGroup;
			children = (
				9B7129961FDFCC0C004BB573 /* Scripts */,
				9B7129921FDFCC0C004BB573 /* TokenHybridDefine.h */,
				9B7129951FDFCC0C004BB573 /* TokenJSContext.h */,
				9B7129901FDFCC0C004BB573 /* TokenJSContext.m */,
				9B7129911FDFCC0C004BB573 /* TokenTool.h */,
				9B7129941FDFCC0C004BB573 /* TokenTool.m */,
			);
			path = JavaScriptSupport;
			sourceTree = "<group>";
		};
		9B7129961FDFCC0C004BB573 /* Scripts */ = {
			isa = PBXGroup;
			children = (
				9B7129971FDFCC0C004BB573 /* TokenBase.js */,
			);
			path = Scripts;
			sourceTree = "<group>";
		};
		9B7129991FDFCC0C004BB573 /* component */ = {
			isa = PBXGroup;
			children = (
				9B71299B1FDFCC0C004BB573 /* TableView */,
				9B71299A1FDFCC0C004BB573 /* TokenHybridRenderController.h */,
				9B7129B21FDFCC0C004BB573 /* TokenHybridRenderController.m */,
				9B712A011FDFD28C004BB573 /* TokenHybridRenderView.h */,
				9B712A021FDFD28C004BB573 /* TokenHybridRenderView.m */,
				9B7129A41FDFCC0C004BB573 /* TokenImageComponent.h */,
				9B7129B11FDFCC0C004BB573 /* TokenImageComponent.m */,
				9B7129B31FDFCC0C004BB573 /* TokenTextAreaComponent.h */,
				9B7129A51FDFCC0C004BB573 /* TokenTextAreaComponent.m */,
				9B7129B91FDFCC0C004BB573 /* TokenScrollComponent.h */,
				9B7129A71FDFCC0C004BB573 /* TokenScrollComponent.m */,
				9B7129B81FDFCC0C004BB573 /* TokenSegmentedComponent.h */,
				9B7129A81FDFCC0C004BB573 /* TokenSegmentedComponent.m */,
				9B7129AA1FDFCC0C004BB573 /* TokenLabelComponent.h */,
				9B7129B41FDFCC0C004BB573 /* TokenPickerComponent.h */,
				9B7129AB1FDFCC0C004BB573 /* TokenPickerComponent.m */,
				9B7129AC1FDFCC0C004BB573 /* TokenSwitchComponent.h */,
				9B7129B51FDFCC0C004BB573 /* TokenSwitchComponent.m */,
				9B7129AD1FDFCC0C004BB573 /* TokenSearchBarComponent.h */,
				9B7129BE1FDFCC0C004BB573 /* TokenSearchBarComponent.m */,
				9B7129BD1FDFCC0C004BB573 /* TokenButtonComponent.h */,
				9B7129AF1FDFCC0C004BB573 /* TokenButtonComponent.m */,
				9B7129B01FDFCC0C004BB573 /* TokenPureComponent.h */,
				9B7129BB1FDFCC0C004BB573 /* TokenPureComponent.m */,
				9B7129B61FDFCC0C004BB573 /* TokenLabelComponent.m */,
				9B7129B71FDFCC0C004BB573 /* TokenPageControl.h */,
				9B7129A91FDFCC0C004BB573 /* TokenPageControl.m */,
				9B7129A61FDFCC0C004BB573 /* TokenInputComponent.h */,
				9B7129BA1FDFCC0C004BB573 /* TokenInputComponent.m */,
				9B7129BC1FDFCC0C004BB573 /* TokenWebViewComponent.h */,
				9B7129AE1FDFCC0C004BB573 /* TokenWebViewComponent.m */,
			);
			path = component;
			sourceTree = "<group>";
		};
		9B71299B1FDFCC0C004BB573 /* TableView */ = {
			isa = PBXGroup;
			children = (
				9B71299F1FDFCC0C004BB573 /* TokenTableComponent.h */,
				9B7129A31FDFCC0C004BB573 /* TokenTableComponent.m */,
				9B7129A01FDFCC0C004BB573 /* TokenDataItem.h */,
				9B71299D1FDFCC0C004BB573 /* TokenDataItem.m */,
				9B7129A11FDFCC0C004BB573 /* TokenTableCell.h */,
				9B71299E1FDFCC0C004BB573 /* TokenTableCell.m */,
				9B7129A21FDFCC0C004BB573 /* TokenTableSectionView.h */,
				9B71299C1FDFCC0C004BB573 /* TokenTableSectionView.m */,
			);
			path = TableView;
			sourceTree = "<group>";
		};
		9B7129BF1FDFCC0C004BB573 /* parser */ = {
			isa = PBXGroup;
			children = (
				9B7129C31FDFCC0C004BB573 /* TokenXMLParser.h */,
				9B7129C11FDFCC0C004BB573 /* TokenXMLParser.m */,
				9B7129C01FDFCC0C004BB573 /* TokenCSSParser.h */,
				9B7129C21FDFCC0C004BB573 /* TokenCSSParser.m */,
			);
			path = parser;
			sourceTree = "<group>";
		};
		9B7129C41FDFCC0C004BB573 /* model */ = {
			isa = PBXGroup;
			children = (
				9B7129C61FDFCC0C004BB573 /* TokenDocument.h */,
				9B7129C81FDFCC0C004BB573 /* TokenDocument.m */,
				9B7129C71FDFCC0C004BB573 /* TokenXMLNode.h */,
				9B7129C51FDFCC0C004BB573 /* TokenXMLNode.m */,
			);
			path = model;
			sourceTree = "<group>";
		};
		9B7129C91FDFCC0C004BB573 /* tool */ = {
			isa = PBXGroup;
			children = (
				9B7129D21FDFCC0C004BB573 /* TokenViewBuilder.h */,
				9B7129CC1FDFCC0C004BB573 /* TokenViewBuilder.m */,
				9B7129CB1FDFCC0C004BB573 /* TokenHybridConstant.h */,
				9B7129D31FDFCC0C004BB573 /* TokenHybridConstant.m */,
				9B7129CA1FDFCC0C004BB573 /* TokenHybridOrganizer.h */,
				9B7129CF1FDFCC0C004BB573 /* TokenHybridOrganizer.m */,
				9B7129D11FDFCC0C004BB573 /* TokenHybridStack.h */,
				9B7129CD1FDFCC0C004BB573 /* TokenHybridStack.m */,
				9B7129D01FDFCC0C004BB573 /* TokenNodeComponentRegister.h */,
				9B7129CE1FDFCC0C004BB573 /* TokenNodeComponentRegister.m */,
			);
			path = tool;
			sourceTree = "<group>";
		};
/* End PBXGroup section */

/* Begin PBXNativeTarget section */
		9B69AFAB1FB3117D0044AA28 /* TokenHybrid */ = {
			isa = PBXNativeTarget;
			buildConfigurationList = 9B69AFCD1FB3117D0044AA28 /* Build configuration list for PBXNativeTarget "TokenHybrid" */;
			buildPhases = (
				BC1655CD9778B4CE888A1D40 /* [CP] Check Pods Manifest.lock */,
				9B69AFA81FB3117D0044AA28 /* Sources */,
				9B69AFA91FB3117D0044AA28 /* Frameworks */,
				9B69AFAA1FB3117D0044AA28 /* Resources */,
				493CCD96476366D7CD7C94DD /* [CP] Embed Pods Frameworks */,
				DF1152E444DA3D573C36B29C /* [CP] Copy Pods Resources */,
			);
			buildRules = (
			);
			dependencies = (
			);
			name = TokenHybrid;
			productName = TokenHybrid;
			productReference = 9B69AFAC1FB3117D0044AA28 /* TokenHybrid.app */;
			productType = "com.apple.product-type.application";
		};
		9B69AFC31FB3117D0044AA28 /* TokenHybridTests */ = {
			isa = PBXNativeTarget;
			buildConfigurationList = 9B69AFD01FB3117D0044AA28 /* Build configuration list for PBXNativeTarget "TokenHybridTests" */;
			buildPhases = (
				9B69AFC01FB3117D0044AA28 /* Sources */,
				9B69AFC11FB3117D0044AA28 /* Frameworks */,
				9B69AFC21FB3117D0044AA28 /* Resources */,
			);
			buildRules = (
			);
			dependencies = (
				9B69AFC61FB3117D0044AA28 /* PBXTargetDependency */,
			);
			name = TokenHybridTests;
			productName = TokenHybridTests;
			productReference = 9B69AFC41FB3117D0044AA28 /* TokenHybridTests.xctest */;
			productType = "com.apple.product-type.bundle.unit-test";
		};
/* End PBXNativeTarget section */

/* Begin PBXProject section */
		9B69AFA41FB3117D0044AA28 /* Project object */ = {
			isa = PBXProject;
			attributes = {
				LastUpgradeCheck = 0900;
				ORGANIZATIONNAME = com.feelings;
				TargetAttributes = {
					9B69AFAB1FB3117D0044AA28 = {
						CreatedOnToolsVersion = 9.0;
						ProvisioningStyle = Automatic;
					};
					9B69AFC31FB3117D0044AA28 = {
						CreatedOnToolsVersion = 9.0;
						ProvisioningStyle = Automatic;
						TestTargetID = 9B69AFAB1FB3117D0044AA28;
					};
				};
			};
			buildConfigurationList = 9B69AFA71FB3117D0044AA28 /* Build configuration list for PBXProject "TokenHybrid" */;
			compatibilityVersion = "Xcode 8.0";
			developmentRegion = en;
			hasScannedForEncodings = 0;
			knownRegions = (
				en,
				Base,
			);
			mainGroup = 9B69AFA31FB3117D0044AA28;
			productRefGroup = 9B69AFAD1FB3117D0044AA28 /* Products */;
			projectDirPath = "";
			projectRoot = "";
			targets = (
				9B69AFAB1FB3117D0044AA28 /* TokenHybrid */,
				9B69AFC31FB3117D0044AA28 /* TokenHybridTests */,
			);
		};
/* End PBXProject section */

/* Begin PBXResourcesBuildPhase section */
		9B69AFAA1FB3117D0044AA28 /* Resources */ = {
			isa = PBXResourcesBuildPhase;
			buildActionMask = 2147483647;
			files = (
				9B712A001FDFCC23004BB573 /* TokenBase.js in Resources */,
				9B69AFBC1FB3117D0044AA28 /* LaunchScreen.storyboard in Resources */,
				9B69AFB91FB3117D0044AA28 /* Assets.xcassets in Resources */,
				9B69AFB71FB3117D0044AA28 /* Main.storyboard in Resources */,
			);
			runOnlyForDeploymentPostprocessing = 0;
		};
		9B69AFC21FB3117D0044AA28 /* Resources */ = {
			isa = PBXResourcesBuildPhase;
			buildActionMask = 2147483647;
			files = (
			);
			runOnlyForDeploymentPostprocessing = 0;
		};
/* End PBXResourcesBuildPhase section */

/* Begin PBXShellScriptBuildPhase section */
		493CCD96476366D7CD7C94DD /* [CP] Embed Pods Frameworks */ = {
			isa = PBXShellScriptBuildPhase;
			buildActionMask = 2147483647;
			files = (
			);
			inputPaths = (
				"${SRCROOT}/Pods/Target Support Files/Pods-TokenHybrid/Pods-TokenHybrid-frameworks.sh",
				"${BUILT_PRODUCTS_DIR}/MJRefresh/MJRefresh.framework",
				"${BUILT_PRODUCTS_DIR}/SDWebImage/SDWebImage.framework",
				"${BUILT_PRODUCTS_DIR}/TokenNetworking/TokenNetworking.framework",
				"${BUILT_PRODUCTS_DIR}/UITableView+FDTemplateLayoutCell/UITableView_FDTemplateLayoutCell.framework",
				"${BUILT_PRODUCTS_DIR}/Yoga/yoga.framework",
				"${BUILT_PRODUCTS_DIR}/YogaKit/YogaKit.framework",
			);
			name = "[CP] Embed Pods Frameworks";
			outputPaths = (
				"${TARGET_BUILD_DIR}/${FRAMEWORKS_FOLDER_PATH}/MJRefresh.framework",
				"${TARGET_BUILD_DIR}/${FRAMEWORKS_FOLDER_PATH}/SDWebImage.framework",
				"${TARGET_BUILD_DIR}/${FRAMEWORKS_FOLDER_PATH}/TokenNetworking.framework",
				"${TARGET_BUILD_DIR}/${FRAMEWORKS_FOLDER_PATH}/UITableView_FDTemplateLayoutCell.framework",
				"${TARGET_BUILD_DIR}/${FRAMEWORKS_FOLDER_PATH}/yoga.framework",
				"${TARGET_BUILD_DIR}/${FRAMEWORKS_FOLDER_PATH}/YogaKit.framework",
			);
			runOnlyForDeploymentPostprocessing = 0;
			shellPath = /bin/sh;
			shellScript = "\"${SRCROOT}/Pods/Target Support Files/Pods-TokenHybrid/Pods-TokenHybrid-frameworks.sh\"\n";
			showEnvVarsInLog = 0;
		};
		BC1655CD9778B4CE888A1D40 /* [CP] Check Pods Manifest.lock */ = {
			isa = PBXShellScriptBuildPhase;
			buildActionMask = 2147483647;
			files = (
			);
			inputPaths = (
				"${PODS_PODFILE_DIR_PATH}/Podfile.lock",
				"${PODS_ROOT}/Manifest.lock",
			);
			name = "[CP] Check Pods Manifest.lock";
			outputPaths = (
				"$(DERIVED_FILE_DIR)/Pods-TokenHybrid-checkManifestLockResult.txt",
			);
			runOnlyForDeploymentPostprocessing = 0;
			shellPath = /bin/sh;
			shellScript = "diff \"${PODS_PODFILE_DIR_PATH}/Podfile.lock\" \"${PODS_ROOT}/Manifest.lock\" > /dev/null\nif [ $? != 0 ] ; then\n    # print error to STDERR\n    echo \"error: The sandbox is not in sync with the Podfile.lock. Run 'pod install' or update your CocoaPods installation.\" >&2\n    exit 1\nfi\n# This output is used by Xcode 'outputs' to avoid re-running this script phase.\necho \"SUCCESS\" > \"${SCRIPT_OUTPUT_FILE_0}\"\n";
			showEnvVarsInLog = 0;
		};
		DF1152E444DA3D573C36B29C /* [CP] Copy Pods Resources */ = {
			isa = PBXShellScriptBuildPhase;
			buildActionMask = 2147483647;
			files = (
			);
			inputPaths = (
			);
			name = "[CP] Copy Pods Resources";
			outputPaths = (
			);
			runOnlyForDeploymentPostprocessing = 0;
			shellPath = /bin/sh;
			shellScript = "\"${SRCROOT}/Pods/Target Support Files/Pods-TokenHybrid/Pods-TokenHybrid-resources.sh\"\n";
			showEnvVarsInLog = 0;
		};
/* End PBXShellScriptBuildPhase section */

/* Begin PBXSourcesBuildPhase section */
		9B69AFA81FB3117D0044AA28 /* Sources */ = {
			isa = PBXSourcesBuildPhase;
			buildActionMask = 2147483647;
			files = (
				9B7129D41FDFCC17004BB573 /* UIColor+SSRender.m in Sources */,
				9B7129D51FDFCC17004BB573 /* NSUserDefaults+Token.m in Sources */,
				9B7129D61FDFCC17004BB573 /* UIViewController+Token.m in Sources */,
				9B7129D71FDFCC17004BB573 /* NSString+Token.m in Sources */,
				9B7129D81FDFCC17004BB573 /* UIColor+Token.m in Sources */,
				9B7129D91FDFCC17004BB573 /* UIView+Token.m in Sources */,
				9B7129DA1FDFCC17004BB573 /* Collection+Token.m in Sources */,
				9B7129DB1FDFCC17004BB573 /* TokenXMLNode+JSExport.m in Sources */,
				9B7129DC1FDFCC17004BB573 /* TokenComponent+pullRefresh.m in Sources */,
				9B7129DD1FDFCC17004BB573 /* JSValue+Token.m in Sources */,
				9B7129DE1FDFCC17004BB573 /* NSDictionary+chainScript.m in Sources */,
				9B7129DF1FDFCC17004BB573 /* UIView+TokenFlexLayout.m in Sources */,
				9B7129E01FDFCC17004BB573 /* UIView+Attributes.m in Sources */,
				9B712A031FDFD28C004BB573 /* TokenHybridRenderView.m in Sources */,
				9B7129E11FDFCC17004BB573 /* NSString+TokenHybrid.m in Sources */,
				9B7129E21FDFCC17004BB573 /* TokenJSContext.m in Sources */,
				9B7129E41FDFCC17004BB573 /* TokenTool.m in Sources */,
				9B7129E51FDFCC17004BB573 /* TokenTableSectionView.m in Sources */,
				9B7129E61FDFCC17004BB573 /* TokenDataItem.m in Sources */,
				9B7129E71FDFCC17004BB573 /* TokenTableCell.m in Sources */,
				9B7129E81FDFCC17004BB573 /* TokenTableComponent.m in Sources */,
				9B7129E91FDFCC17004BB573 /* TokenTextAreaComponent.m in Sources */,
				9B7129EA1FDFCC17004BB573 /* TokenScrollComponent.m in Sources */,
				9B7129EB1FDFCC17004BB573 /* TokenSegmentedComponent.m in Sources */,
				9B7129EC1FDFCC17004BB573 /* TokenPageControl.m in Sources */,
				9B7129ED1FDFCC17004BB573 /* TokenPickerComponent.m in Sources */,
				9B7129EE1FDFCC17004BB573 /* TokenWebViewComponent.m in Sources */,
				9B7129EF1FDFCC17004BB573 /* TokenButtonComponent.m in Sources */,
				9B7129F01FDFCC17004BB573 /* TokenImageComponent.m in Sources */,
				9B7129F11FDFCC17004BB573 /* TokenHybridRenderController.m in Sources */,
				9B7129F21FDFCC17004BB573 /* TokenSwitchComponent.m in Sources */,
				9B7129F31FDFCC17004BB573 /* TokenLabelComponent.m in Sources */,
				9B7129F41FDFCC17004BB573 /* TokenInputComponent.m in Sources */,
				9B7129F51FDFCC17004BB573 /* TokenPureComponent.m in Sources */,
				9B7129F61FDFCC17004BB573 /* TokenSearchBarComponent.m in Sources */,
				9B7129F71FDFCC17004BB573 /* TokenXMLParser.m in Sources */,
				9B7129F81FDFCC17004BB573 /* TokenCSSParser.m in Sources */,
				9B7129F91FDFCC17004BB573 /* TokenXMLNode.m in Sources */,
				9B7129FA1FDFCC17004BB573 /* TokenDocument.m in Sources */,
				9B7129FB1FDFCC17004BB573 /* TokenViewBuilder.m in Sources */,
				9B7129FC1FDFCC17004BB573 /* TokenHybridStack.m in Sources */,
				9B7129FD1FDFCC17004BB573 /* TokenNodeComponentRegister.m in Sources */,
				9B7129FE1FDFCC17004BB573 /* TokenHybridOrganizer.m in Sources */,
				9B7129FF1FDFCC17004BB573 /* TokenHybridConstant.m in Sources */,
				9B69AFB41FB3117D0044AA28 /* ViewController.m in Sources */,
				9B69AFBF1FB3117D0044AA28 /* main.m in Sources */,
				9B69AFB11FB3117D0044AA28 /* AppDelegate.m in Sources */,
			);
			runOnlyForDeploymentPostprocessing = 0;
		};
		9B69AFC01FB3117D0044AA28 /* Sources */ = {
			isa = PBXSourcesBuildPhase;
			buildActionMask = 2147483647;
			files = (
				9B69AFC91FB3117D0044AA28 /* TokenHybridTests.m in Sources */,
			);
			runOnlyForDeploymentPostprocessing = 0;
		};
/* End PBXSourcesBuildPhase section */

/* Begin PBXTargetDependency section */
		9B69AFC61FB3117D0044AA28 /* PBXTargetDependency */ = {
			isa = PBXTargetDependency;
			target = 9B69AFAB1FB3117D0044AA28 /* TokenHybrid */;
			targetProxy = 9B69AFC51FB3117D0044AA28 /* PBXContainerItemProxy */;
		};
/* End PBXTargetDependency section */

/* Begin PBXVariantGroup section */
		9B69AFB51FB3117D0044AA28 /* Main.storyboard */ = {
			isa = PBXVariantGroup;
			children = (
				9B69AFB61FB3117D0044AA28 /* Base */,
			);
			name = Main.storyboard;
			sourceTree = "<group>";
		};
		9B69AFBA1FB3117D0044AA28 /* LaunchScreen.storyboard */ = {
			isa = PBXVariantGroup;
			children = (
				9B69AFBB1FB3117D0044AA28 /* Base */,
			);
			name = LaunchScreen.storyboard;
			sourceTree = "<group>";
		};
/* End PBXVariantGroup section */

/* Begin XCBuildConfiguration section */
		9B69AFCB1FB3117D0044AA28 /* Debug */ = {
			isa = XCBuildConfiguration;
			buildSettings = {
				ALWAYS_SEARCH_USER_PATHS = NO;
				CLANG_ANALYZER_NONNULL = YES;
				CLANG_ANALYZER_NUMBER_OBJECT_CONVERSION = YES_AGGRESSIVE;
				CLANG_CXX_LANGUAGE_STANDARD = "gnu++14";
				CLANG_CXX_LIBRARY = "libc++";
				CLANG_ENABLE_MODULES = YES;
				CLANG_ENABLE_OBJC_ARC = YES;
				CLANG_WARN_BLOCK_CAPTURE_AUTORELEASING = YES;
				CLANG_WARN_BOOL_CONVERSION = YES;
				CLANG_WARN_COMMA = YES;
				CLANG_WARN_CONSTANT_CONVERSION = YES;
				CLANG_WARN_DIRECT_OBJC_ISA_USAGE = YES_ERROR;
				CLANG_WARN_DOCUMENTATION_COMMENTS = YES;
				CLANG_WARN_EMPTY_BODY = YES;
				CLANG_WARN_ENUM_CONVERSION = YES;
				CLANG_WARN_INFINITE_RECURSION = YES;
				CLANG_WARN_INT_CONVERSION = YES;
				CLANG_WARN_NON_LITERAL_NULL_CONVERSION = YES;
				CLANG_WARN_OBJC_LITERAL_CONVERSION = YES;
				CLANG_WARN_OBJC_ROOT_CLASS = YES_ERROR;
				CLANG_WARN_RANGE_LOOP_ANALYSIS = YES;
				CLANG_WARN_STRICT_PROTOTYPES = YES;
				CLANG_WARN_SUSPICIOUS_MOVE = YES;
				CLANG_WARN_UNGUARDED_AVAILABILITY = YES_AGGRESSIVE;
				CLANG_WARN_UNREACHABLE_CODE = YES;
				CLANG_WARN__DUPLICATE_METHOD_MATCH = YES;
				CODE_SIGN_IDENTITY = "iPhone Developer";
				COPY_PHASE_STRIP = NO;
				DEBUG_INFORMATION_FORMAT = dwarf;
				ENABLE_STRICT_OBJC_MSGSEND = YES;
				ENABLE_TESTABILITY = YES;
				GCC_C_LANGUAGE_STANDARD = gnu11;
				GCC_DYNAMIC_NO_PIC = NO;
				GCC_NO_COMMON_BLOCKS = YES;
				GCC_OPTIMIZATION_LEVEL = 0;
				GCC_PREPROCESSOR_DEFINITIONS = (
					"DEBUG=1",
					"$(inherited)",
				);
				GCC_WARN_64_TO_32_BIT_CONVERSION = YES;
				GCC_WARN_ABOUT_RETURN_TYPE = YES_ERROR;
				GCC_WARN_UNDECLARED_SELECTOR = YES;
				GCC_WARN_UNINITIALIZED_AUTOS = YES_AGGRESSIVE;
				GCC_WARN_UNUSED_FUNCTION = YES;
				GCC_WARN_UNUSED_VARIABLE = YES;
				IPHONEOS_DEPLOYMENT_TARGET = 11.0;
				MTL_ENABLE_DEBUG_INFO = YES;
				ONLY_ACTIVE_ARCH = YES;
				SDKROOT = iphoneos;
			};
			name = Debug;
		};
		9B69AFCC1FB3117D0044AA28 /* Release */ = {
			isa = XCBuildConfiguration;
			buildSettings = {
				ALWAYS_SEARCH_USER_PATHS = NO;
				CLANG_ANALYZER_NONNULL = YES;
				CLANG_ANALYZER_NUMBER_OBJECT_CONVERSION = YES_AGGRESSIVE;
				CLANG_CXX_LANGUAGE_STANDARD = "gnu++14";
				CLANG_CXX_LIBRARY = "libc++";
				CLANG_ENABLE_MODULES = YES;
				CLANG_ENABLE_OBJC_ARC = YES;
				CLANG_WARN_BLOCK_CAPTURE_AUTORELEASING = YES;
				CLANG_WARN_BOOL_CONVERSION = YES;
				CLANG_WARN_COMMA = YES;
				CLANG_WARN_CONSTANT_CONVERSION = YES;
				CLANG_WARN_DIRECT_OBJC_ISA_USAGE = YES_ERROR;
				CLANG_WARN_DOCUMENTATION_COMMENTS = YES;
				CLANG_WARN_EMPTY_BODY = YES;
				CLANG_WARN_ENUM_CONVERSION = YES;
				CLANG_WARN_INFINITE_RECURSION = YES;
				CLANG_WARN_INT_CONVERSION = YES;
				CLANG_WARN_NON_LITERAL_NULL_CONVERSION = YES;
				CLANG_WARN_OBJC_LITERAL_CONVERSION = YES;
				CLANG_WARN_OBJC_ROOT_CLASS = YES_ERROR;
				CLANG_WARN_RANGE_LOOP_ANALYSIS = YES;
				CLANG_WARN_STRICT_PROTOTYPES = YES;
				CLANG_WARN_SUSPICIOUS_MOVE = YES;
				CLANG_WARN_UNGUARDED_AVAILABILITY = YES_AGGRESSIVE;
				CLANG_WARN_UNREACHABLE_CODE = YES;
				CLANG_WARN__DUPLICATE_METHOD_MATCH = YES;
				CODE_SIGN_IDENTITY = "iPhone Developer";
				COPY_PHASE_STRIP = NO;
				DEBUG_INFORMATION_FORMAT = "dwarf-with-dsym";
				ENABLE_NS_ASSERTIONS = NO;
				ENABLE_STRICT_OBJC_MSGSEND = YES;
				GCC_C_LANGUAGE_STANDARD = gnu11;
				GCC_NO_COMMON_BLOCKS = YES;
				GCC_WARN_64_TO_32_BIT_CONVERSION = YES;
				GCC_WARN_ABOUT_RETURN_TYPE = YES_ERROR;
				GCC_WARN_UNDECLARED_SELECTOR = YES;
				GCC_WARN_UNINITIALIZED_AUTOS = YES_AGGRESSIVE;
				GCC_WARN_UNUSED_FUNCTION = YES;
				GCC_WARN_UNUSED_VARIABLE = YES;
				IPHONEOS_DEPLOYMENT_TARGET = 11.0;
				MTL_ENABLE_DEBUG_INFO = NO;
				SDKROOT = iphoneos;
				VALIDATE_PRODUCT = YES;
			};
			name = Release;
		};
		9B69AFCE1FB3117D0044AA28 /* Debug */ = {
			isa = XCBuildConfiguration;
			baseConfigurationReference = FB761CF93D96A72A3D3CAA0C /* Pods-TokenHybrid.debug.xcconfig */;
			buildSettings = {
				ALWAYS_EMBED_SWIFT_STANDARD_LIBRARIES = YES;
				ASSETCATALOG_COMPILER_APPICON_NAME = AppIcon;
				CODE_SIGN_STYLE = Automatic;
				DEVELOPMENT_TEAM = C9LLPH449N;
				INFOPLIST_FILE = TokenHybrid/Info.plist;
				IPHONEOS_DEPLOYMENT_TARGET = 9.0;
				LD_RUNPATH_SEARCH_PATHS = "$(inherited) @executable_path/Frameworks";
				PRODUCT_BUNDLE_IDENTIFIER = feelings.LTD.TokenHybrid;
				PRODUCT_NAME = "$(TARGET_NAME)";
				TARGETED_DEVICE_FAMILY = "1,2";
			};
			name = Debug;
		};
		9B69AFCF1FB3117D0044AA28 /* Release */ = {
			isa = XCBuildConfiguration;
			baseConfigurationReference = 67A344AA5B0106750828224A /* Pods-TokenHybrid.release.xcconfig */;
			buildSettings = {
				ALWAYS_EMBED_SWIFT_STANDARD_LIBRARIES = YES;
				ASSETCATALOG_COMPILER_APPICON_NAME = AppIcon;
				CODE_SIGN_STYLE = Automatic;
				DEVELOPMENT_TEAM = C9LLPH449N;
				INFOPLIST_FILE = TokenHybrid/Info.plist;
				IPHONEOS_DEPLOYMENT_TARGET = 9.0;
				LD_RUNPATH_SEARCH_PATHS = "$(inherited) @executable_path/Frameworks";
				PRODUCT_BUNDLE_IDENTIFIER = feelings.LTD.TokenHybrid;
				PRODUCT_NAME = "$(TARGET_NAME)";
				TARGETED_DEVICE_FAMILY = "1,2";
			};
			name = Release;
		};
		9B69AFD11FB3117D0044AA28 /* Debug */ = {
			isa = XCBuildConfiguration;
			buildSettings = {
				BUNDLE_LOADER = "$(TEST_HOST)";
				CODE_SIGN_STYLE = Automatic;
				DEVELOPMENT_TEAM = C9LLPH449N;
				INFOPLIST_FILE = TokenHybridTests/Info.plist;
				LD_RUNPATH_SEARCH_PATHS = "$(inherited) @executable_path/Frameworks @loader_path/Frameworks";
				PRODUCT_BUNDLE_IDENTIFIER = feelings.LTD.TokenHybridTests;
				PRODUCT_NAME = "$(TARGET_NAME)";
				TARGETED_DEVICE_FAMILY = "1,2";
				TEST_HOST = "$(BUILT_PRODUCTS_DIR)/TokenHybrid.app/TokenHybrid";
			};
			name = Debug;
		};
		9B69AFD21FB3117D0044AA28 /* Release */ = {
			isa = XCBuildConfiguration;
			buildSettings = {
				BUNDLE_LOADER = "$(TEST_HOST)";
				CODE_SIGN_STYLE = Automatic;
				DEVELOPMENT_TEAM = C9LLPH449N;
				INFOPLIST_FILE = TokenHybridTests/Info.plist;
				LD_RUNPATH_SEARCH_PATHS = "$(inherited) @executable_path/Frameworks @loader_path/Frameworks";
				PRODUCT_BUNDLE_IDENTIFIER = feelings.LTD.TokenHybridTests;
				PRODUCT_NAME = "$(TARGET_NAME)";
				TARGETED_DEVICE_FAMILY = "1,2";
				TEST_HOST = "$(BUILT_PRODUCTS_DIR)/TokenHybrid.app/TokenHybrid";
			};
			name = Release;
		};
/* End XCBuildConfiguration section */

/* Begin XCConfigurationList section */
		9B69AFA71FB3117D0044AA28 /* Build configuration list for PBXProject "TokenHybrid" */ = {
			isa = XCConfigurationList;
			buildConfigurations = (
				9B69AFCB1FB3117D0044AA28 /* Debug */,
				9B69AFCC1FB3117D0044AA28 /* Release */,
			);
			defaultConfigurationIsVisible = 0;
			defaultConfigurationName = Release;
		};
		9B69AFCD1FB3117D0044AA28 /* Build configuration list for PBXNativeTarget "TokenHybrid" */ = {
			isa = XCConfigurationList;
			buildConfigurations = (
				9B69AFCE1FB3117D0044AA28 /* Debug */,
				9B69AFCF1FB3117D0044AA28 /* Release */,
			);
			defaultConfigurationIsVisible = 0;
			defaultConfigurationName = Release;
		};
		9B69AFD01FB3117D0044AA28 /* Build configuration list for PBXNativeTarget "TokenHybridTests" */ = {
			isa = XCConfigurationList;
			buildConfigurations = (
				9B69AFD11FB3117D0044AA28 /* Debug */,
				9B69AFD21FB3117D0044AA28 /* Release */,
			);
			defaultConfigurationIsVisible = 0;
			defaultConfigurationName = Release;
		};
/* End XCConfigurationList section */
	};
	rootObject = 9B69AFA41FB3117D0044AA28 /* Project object */;
}
