// !$*UTF8*$!
{
	archiveVersion = 1;
	classes = {
	};
	objectVersion = 48;
	objects = {

/* Begin PBXBuildFile section */
		9B15C8421FC7B1EB00249B66 /* TokenPageControl.m in Sources */ = {isa = PBXBuildFile; fileRef = 9B15C8401FC7B1EB00249B66 /* TokenPageControl.m */; };
		9B2EB07A1FB3F11F0007FE01 /* NSString+TokenHybrid.m in Sources */ = {isa = PBXBuildFile; fileRef = 9B2EB0791FB3F1160007FE01 /* NSString+TokenHybrid.m */; };
		9B2EB07D1FB402030007FE01 /* TokenXMLNode+JSExport.m in Sources */ = {isa = PBXBuildFile; fileRef = 9B2EB07C1FB402030007FE01 /* TokenXMLNode+JSExport.m */; };
		9B3CD2011FB49B1900AE516B /* TokenHybridRenderController.m in Sources */ = {isa = PBXBuildFile; fileRef = 9B3CD2001FB49B1900AE516B /* TokenHybridRenderController.m */; };
		9B3CD20B1FB53DC500AE516B /* TokenDataItem.m in Sources */ = {isa = PBXBuildFile; fileRef = 9B3CD2041FB53D9900AE516B /* TokenDataItem.m */; };
		9B3CD20C1FB53DC500AE516B /* TokenTableCell.m in Sources */ = {isa = PBXBuildFile; fileRef = 9B3CD2061FB53D9900AE516B /* TokenTableCell.m */; };
		9B3CD20D1FB53DC500AE516B /* TokenTableComponent.m in Sources */ = {isa = PBXBuildFile; fileRef = 9B3CD2081FB53D9900AE516B /* TokenTableComponent.m */; };
		9B3CD20E1FB53DC500AE516B /* TokenTableSectionView.m in Sources */ = {isa = PBXBuildFile; fileRef = 9B3CD20A1FB53D9900AE516B /* TokenTableSectionView.m */; };
		9B49F4251FD9672E00234C48 /* TokenUserNotification.m in Sources */ = {isa = PBXBuildFile; fileRef = 9B49F4241FD9672E00234C48 /* TokenUserNotification.m */; };
		9B69AFB11FB3117D0044AA28 /* AppDelegate.m in Sources */ = {isa = PBXBuildFile; fileRef = 9B69AFB01FB3117D0044AA28 /* AppDelegate.m */; };
		9B69AFB41FB3117D0044AA28 /* ViewController.m in Sources */ = {isa = PBXBuildFile; fileRef = 9B69AFB31FB3117D0044AA28 /* ViewController.m */; };
		9B69AFB71FB3117D0044AA28 /* Main.storyboard in Resources */ = {isa = PBXBuildFile; fileRef = 9B69AFB51FB3117D0044AA28 /* Main.storyboard */; };
		9B69AFB91FB3117D0044AA28 /* Assets.xcassets in Resources */ = {isa = PBXBuildFile; fileRef = 9B69AFB81FB3117D0044AA28 /* Assets.xcassets */; };
		9B69AFBC1FB3117D0044AA28 /* LaunchScreen.storyboard in Resources */ = {isa = PBXBuildFile; fileRef = 9B69AFBA1FB3117D0044AA28 /* LaunchScreen.storyboard */; };
		9B69AFBF1FB3117D0044AA28 /* main.m in Sources */ = {isa = PBXBuildFile; fileRef = 9B69AFBE1FB3117D0044AA28 /* main.m */; };
		9B69AFC91FB3117D0044AA28 /* TokenHybridTests.m in Sources */ = {isa = PBXBuildFile; fileRef = 9B69AFC81FB3117D0044AA28 /* TokenHybridTests.m */; };
		9B69B0711FB31A1F0044AA28 /* Collection+Token.m in Sources */ = {isa = PBXBuildFile; fileRef = 9B69AFD71FB312DD0044AA28 /* Collection+Token.m */; };
		9B69B0721FB31A1F0044AA28 /* NSString+Token.m in Sources */ = {isa = PBXBuildFile; fileRef = 9B69AFD91FB312DD0044AA28 /* NSString+Token.m */; };
		9B69B0731FB31A1F0044AA28 /* NSUserDefaults+Token.m in Sources */ = {isa = PBXBuildFile; fileRef = 9B69AFDB1FB312DD0044AA28 /* NSUserDefaults+Token.m */; };
		9B69B0741FB31A1F0044AA28 /* UIColor+SSRender.m in Sources */ = {isa = PBXBuildFile; fileRef = 9B69AFDE1FB312DD0044AA28 /* UIColor+SSRender.m */; };
		9B69B0751FB31A1F0044AA28 /* UIColor+Token.m in Sources */ = {isa = PBXBuildFile; fileRef = 9B69AFE01FB312DD0044AA28 /* UIColor+Token.m */; };
		9B69B0761FB31A1F0044AA28 /* UIView+Token.m in Sources */ = {isa = PBXBuildFile; fileRef = 9B69AFE21FB312DD0044AA28 /* UIView+Token.m */; };
		9B69B0771FB31A1F0044AA28 /* UIViewController+Token.m in Sources */ = {isa = PBXBuildFile; fileRef = 9B69AFE41FB312DD0044AA28 /* UIViewController+Token.m */; };
		9B69B08F1FB31A1F0044AA28 /* TokenDocument.m in Sources */ = {isa = PBXBuildFile; fileRef = 9B69AFFB1FB314BD0044AA28 /* TokenDocument.m */; };
		9B69B0901FB31A1F0044AA28 /* TokenXMLNode.m in Sources */ = {isa = PBXBuildFile; fileRef = 9B69AFFD1FB314BD0044AA28 /* TokenXMLNode.m */; };
		9B69B0911FB31A1F0044AA28 /* TokenCSSParser.m in Sources */ = {isa = PBXBuildFile; fileRef = 9B69AFE91FB3134D0044AA28 /* TokenCSSParser.m */; };
		9B69B0921FB31A1F0044AA28 /* TokenXMLParser.m in Sources */ = {isa = PBXBuildFile; fileRef = 9B69AFE71FB3134D0044AA28 /* TokenXMLParser.m */; };
		9B69B0941FB31A1F0044AA28 /* TokenHybridConstant.m in Sources */ = {isa = PBXBuildFile; fileRef = 9B69B04C1FB318960044AA28 /* TokenHybridConstant.m */; };
		9B69B0951FB31A1F0044AA28 /* TokenNodeComponentRegister.m in Sources */ = {isa = PBXBuildFile; fileRef = 9B69B0041FB3183F0044AA28 /* TokenNodeComponentRegister.m */; };
		9B69B0961FB31A1F0044AA28 /* TokenHybridStack.m in Sources */ = {isa = PBXBuildFile; fileRef = 9B69B0001FB316EC0044AA28 /* TokenHybridStack.m */; };
		9B69B0971FB31A1F0044AA28 /* TokenHybridOrganizer.m in Sources */ = {isa = PBXBuildFile; fileRef = 9B69AFF41FB313D40044AA28 /* TokenHybridOrganizer.m */; };
		9B69B0981FB31A1F0044AA28 /* TokenViewBuilder.m in Sources */ = {isa = PBXBuildFile; fileRef = 9B69AFF71FB314480044AA28 /* TokenViewBuilder.m */; };
		9B7E77B51FB5BA8D00B091BD /* TokenComponent+pullRefresh.m in Sources */ = {isa = PBXBuildFile; fileRef = 9B7E77B41FB5BA8D00B091BD /* TokenComponent+pullRefresh.m */; };
		9B7E77C11FB7584600B091BD /* TokenCompeleteView.m in Sources */ = {isa = PBXBuildFile; fileRef = 9B7E77B81FB7582F00B091BD /* TokenCompeleteView.m */; };
		9B7E77C21FB7584600B091BD /* TokenConsoleCell.m in Sources */ = {isa = PBXBuildFile; fileRef = 9B7E77BA1FB7582F00B091BD /* TokenConsoleCell.m */; };
		9B7E77C31FB7584600B091BD /* TokenConsolePushView.m in Sources */ = {isa = PBXBuildFile; fileRef = 9B7E77BC1FB7582F00B091BD /* TokenConsolePushView.m */; };
		9B7E77C41FB7584600B091BD /* TokenConsoleView.m in Sources */ = {isa = PBXBuildFile; fileRef = 9B7E77BE1FB7582F00B091BD /* TokenConsoleView.m */; };
		9B7E77C51FB7584600B091BD /* TokenHybridDebugView.m in Sources */ = {isa = PBXBuildFile; fileRef = 9B7E77C01FB7582F00B091BD /* TokenHybridDebugView.m */; };
		9B7F64DE1FB4493E009F0889 /* TokenBase.js in Resources */ = {isa = PBXBuildFile; fileRef = 9BD0AE5E1FB43E0000C362FB /* TokenBase.js */; };
		9B7F64E11FB44E70009F0889 /* TokenPureComponent.m in Sources */ = {isa = PBXBuildFile; fileRef = 9B7F64E01FB44E70009F0889 /* TokenPureComponent.m */; };
		9B8963AB1FB9ADF700DBFBCD /* TokenXMLNode+Animation.m in Sources */ = {isa = PBXBuildFile; fileRef = 9B8963A91FB9ADF700DBFBCD /* TokenXMLNode+Animation.m */; };
		9BD0AE581FB427A600C362FB /* UIView+TokenFlexLayout.m in Sources */ = {isa = PBXBuildFile; fileRef = 9BD0AE571FB427A600C362FB /* UIView+TokenFlexLayout.m */; };
		9BD0AE5B1FB42E9C00C362FB /* UIView+Attributes.m in Sources */ = {isa = PBXBuildFile; fileRef = 9BD0AE5A1FB42E9C00C362FB /* UIView+Attributes.m */; };
		9BD0AE651FB43E5600C362FB /* JSValue+Token.m in Sources */ = {isa = PBXBuildFile; fileRef = 9BD0AE641FB43E5600C362FB /* JSValue+Token.m */; };
		9BD0AE661FB43E6100C362FB /* TokenJSContext.m in Sources */ = {isa = PBXBuildFile; fileRef = 9BD0AE601FB43E0000C362FB /* TokenJSContext.m */; };
		9BD0AE671FB43E6100C362FB /* TokenTool.m in Sources */ = {isa = PBXBuildFile; fileRef = 9BD0AE621FB43E0000C362FB /* TokenTool.m */; };
		9BD0AE6A1FB43E7F00C362FB /* TokenPickerComponent.m in Sources */ = {isa = PBXBuildFile; fileRef = 9BD0AE681FB43E7F00C362FB /* TokenPickerComponent.m */; };
		9BD0AE6D1FB43FC400C362FB /* NSDictionary+chainScript.m in Sources */ = {isa = PBXBuildFile; fileRef = 9BD0AE6B1FB43FC300C362FB /* NSDictionary+chainScript.m */; };
		9BD0AE861FB43FEF00C362FB /* TokenWebViewComponent.m in Sources */ = {isa = PBXBuildFile; fileRef = 9BD0AE6E1FB43FEC00C362FB /* TokenWebViewComponent.m */; };
		9BD0AE871FB43FEF00C362FB /* TokenScrollComponent.m in Sources */ = {isa = PBXBuildFile; fileRef = 9BD0AE6F1FB43FED00C362FB /* TokenScrollComponent.m */; };
		9BD0AE881FB43FEF00C362FB /* TokenSegmentedComponent.m in Sources */ = {isa = PBXBuildFile; fileRef = 9BD0AE711FB43FED00C362FB /* TokenSegmentedComponent.m */; };
		9BD0AE891FB43FEF00C362FB /* TokenButtonComponent.m in Sources */ = {isa = PBXBuildFile; fileRef = 9BD0AE741FB43FED00C362FB /* TokenButtonComponent.m */; };
		9BD0AE8A1FB43FEF00C362FB /* TokenLabelComponent.m in Sources */ = {isa = PBXBuildFile; fileRef = 9BD0AE751FB43FED00C362FB /* TokenLabelComponent.m */; };
		9BD0AE8B1FB43FEF00C362FB /* TokenSearchBarComponent.m in Sources */ = {isa = PBXBuildFile; fileRef = 9BD0AE761FB43FED00C362FB /* TokenSearchBarComponent.m */; };
		9BD0AE8D1FB43FEF00C362FB /* TokenImageComponent.m in Sources */ = {isa = PBXBuildFile; fileRef = 9BD0AE791FB43FEE00C362FB /* TokenImageComponent.m */; };
		9BD0AE8E1FB43FEF00C362FB /* TokenInputComponent.m in Sources */ = {isa = PBXBuildFile; fileRef = 9BD0AE7B1FB43FEE00C362FB /* TokenInputComponent.m */; };
		9BD0AE8F1FB43FF000C362FB /* TokenSwitchComponent.m in Sources */ = {isa = PBXBuildFile; fileRef = 9BD0AE821FB43FEF00C362FB /* TokenSwitchComponent.m */; };
		9BD0AE901FB43FF000C362FB /* TokenTextAreaComponent.m in Sources */ = {isa = PBXBuildFile; fileRef = 9BD0AE831FB43FEF00C362FB /* TokenTextAreaComponent.m */; };
		EF9C24C8E23C7CD9511D6D58 /* Pods_TokenHybrid.framework in Frameworks */ = {isa = PBXBuildFile; fileRef = 2097151F60668847B9E02042 /* Pods_TokenHybrid.framework */; };
/* End PBXBuildFile section */

/* Begin PBXContainerItemProxy section */
		9B69AFC51FB3117D0044AA28 /* PBXContainerItemProxy */ = {
			isa = PBXContainerItemProxy;
			containerPortal = 9B69AFA41FB3117D0044AA28 /* Project object */;
			proxyType = 1;
			remoteGlobalIDString = 9B69AFAB1FB3117D0044AA28;
			remoteInfo = TokenHybrid;
		};
/* End PBXContainerItemProxy section */

/* Begin PBXFileReference section */
		2097151F60668847B9E02042 /* Pods_TokenHybrid.framework */ = {isa = PBXFileReference; explicitFileType = wrapper.framework; includeInIndex = 0; path = Pods_TokenHybrid.framework; sourceTree = BUILT_PRODUCTS_DIR; };
		67A344AA5B0106750828224A /* Pods-TokenHybrid.release.xcconfig */ = {isa = PBXFileReference; includeInIndex = 1; lastKnownFileType = text.xcconfig; name = "Pods-TokenHybrid.release.xcconfig"; path = "Pods/Target Support Files/Pods-TokenHybrid/Pods-TokenHybrid.release.xcconfig"; sourceTree = "<group>"; };
		9B15C8401FC7B1EB00249B66 /* TokenPageControl.m */ = {isa = PBXFileReference; lastKnownFileType = sourcecode.c.objc; path = TokenPageControl.m; sourceTree = "<group>"; };
		9B15C8411FC7B1EB00249B66 /* TokenPageControl.h */ = {isa = PBXFileReference; lastKnownFileType = sourcecode.c.h; path = TokenPageControl.h; sourceTree = "<group>"; };
		9B2EB0781FB3F1160007FE01 /* NSString+TokenHybrid.h */ = {isa = PBXFileReference; lastKnownFileType = sourcecode.c.h; path = "NSString+TokenHybrid.h"; sourceTree = "<group>"; };
		9B2EB0791FB3F1160007FE01 /* NSString+TokenHybrid.m */ = {isa = PBXFileReference; lastKnownFileType = sourcecode.c.objc; path = "NSString+TokenHybrid.m"; sourceTree = "<group>"; };
		9B2EB07B1FB402030007FE01 /* TokenXMLNode+JSExport.h */ = {isa = PBXFileReference; lastKnownFileType = sourcecode.c.h; path = "TokenXMLNode+JSExport.h"; sourceTree = "<group>"; };
		9B2EB07C1FB402030007FE01 /* TokenXMLNode+JSExport.m */ = {isa = PBXFileReference; lastKnownFileType = sourcecode.c.objc; path = "TokenXMLNode+JSExport.m"; sourceTree = "<group>"; };
		9B3CD1FF1FB49B1900AE516B /* TokenHybridRenderController.h */ = {isa = PBXFileReference; lastKnownFileType = sourcecode.c.h; path = TokenHybridRenderController.h; sourceTree = "<group>"; };
		9B3CD2001FB49B1900AE516B /* TokenHybridRenderController.m */ = {isa = PBXFileReference; lastKnownFileType = sourcecode.c.objc; path = TokenHybridRenderController.m; sourceTree = "<group>"; };
		9B3CD2031FB53D9900AE516B /* TokenDataItem.h */ = {isa = PBXFileReference; lastKnownFileType = sourcecode.c.h; path = TokenDataItem.h; sourceTree = "<group>"; };
		9B3CD2041FB53D9900AE516B /* TokenDataItem.m */ = {isa = PBXFileReference; lastKnownFileType = sourcecode.c.objc; path = TokenDataItem.m; sourceTree = "<group>"; };
		9B3CD2051FB53D9900AE516B /* TokenTableCell.h */ = {isa = PBXFileReference; lastKnownFileType = sourcecode.c.h; path = TokenTableCell.h; sourceTree = "<group>"; };
		9B3CD2061FB53D9900AE516B /* TokenTableCell.m */ = {isa = PBXFileReference; lastKnownFileType = sourcecode.c.objc; path = TokenTableCell.m; sourceTree = "<group>"; };
		9B3CD2071FB53D9900AE516B /* TokenTableComponent.h */ = {isa = PBXFileReference; lastKnownFileType = sourcecode.c.h; path = TokenTableComponent.h; sourceTree = "<group>"; };
		9B3CD2081FB53D9900AE516B /* TokenTableComponent.m */ = {isa = PBXFileReference; lastKnownFileType = sourcecode.c.objc; path = TokenTableComponent.m; sourceTree = "<group>"; };
		9B3CD2091FB53D9900AE516B /* TokenTableSectionView.h */ = {isa = PBXFileReference; lastKnownFileType = sourcecode.c.h; path = TokenTableSectionView.h; sourceTree = "<group>"; };
		9B3CD20A1FB53D9900AE516B /* TokenTableSectionView.m */ = {isa = PBXFileReference; lastKnownFileType = sourcecode.c.objc; path = TokenTableSectionView.m; sourceTree = "<group>"; };
		9B49F4231FD9672E00234C48 /* TokenUserNotification.h */ = {isa = PBXFileReference; lastKnownFileType = sourcecode.c.h; path = TokenUserNotification.h; sourceTree = "<group>"; };
		9B49F4241FD9672E00234C48 /* TokenUserNotification.m */ = {isa = PBXFileReference; lastKnownFileType = sourcecode.c.objc; path = TokenUserNotification.m; sourceTree = "<group>"; };
		9B69AFAC1FB3117D0044AA28 /* TokenHybrid.app */ = {isa = PBXFileReference; explicitFileType = wrapper.application; includeInIndex = 0; path = TokenHybrid.app; sourceTree = BUILT_PRODUCTS_DIR; };
		9B69AFAF1FB3117D0044AA28 /* AppDelegate.h */ = {isa = PBXFileReference; lastKnownFileType = sourcecode.c.h; path = AppDelegate.h; sourceTree = "<group>"; };
		9B69AFB01FB3117D0044AA28 /* AppDelegate.m */ = {isa = PBXFileReference; lastKnownFileType = sourcecode.c.objc; path = AppDelegate.m; sourceTree = "<group>"; };
		9B69AFB21FB3117D0044AA28 /* ViewController.h */ = {isa = PBXFileReference; lastKnownFileType = sourcecode.c.h; path = ViewController.h; sourceTree = "<group>"; };
		9B69AFB31FB3117D0044AA28 /* ViewController.m */ = {isa = PBXFileReference; lastKnownFileType = sourcecode.c.objc; path = ViewController.m; sourceTree = "<group>"; };
		9B69AFB61FB3117D0044AA28 /* Base */ = {isa = PBXFileReference; lastKnownFileType = file.storyboard; name = Base; path = Base.lproj/Main.storyboard; sourceTree = "<group>"; };
		9B69AFB81FB3117D0044AA28 /* Assets.xcassets */ = {isa = PBXFileReference; lastKnownFileType = folder.assetcatalog; path = Assets.xcassets; sourceTree = "<group>"; };
		9B69AFBB1FB3117D0044AA28 /* Base */ = {isa = PBXFileReference; lastKnownFileType = file.storyboard; name = Base; path = Base.lproj/LaunchScreen.storyboard; sourceTree = "<group>"; };
		9B69AFBD1FB3117D0044AA28 /* Info.plist */ = {isa = PBXFileReference; lastKnownFileType = text.plist.xml; path = Info.plist; sourceTree = "<group>"; };
		9B69AFBE1FB3117D0044AA28 /* main.m */ = {isa = PBXFileReference; lastKnownFileType = sourcecode.c.objc; path = main.m; sourceTree = "<group>"; };
		9B69AFC41FB3117D0044AA28 /* TokenHybridTests.xctest */ = {isa = PBXFileReference; explicitFileType = wrapper.cfbundle; includeInIndex = 0; path = TokenHybridTests.xctest; sourceTree = BUILT_PRODUCTS_DIR; };
		9B69AFC81FB3117D0044AA28 /* TokenHybridTests.m */ = {isa = PBXFileReference; lastKnownFileType = sourcecode.c.objc; path = TokenHybridTests.m; sourceTree = "<group>"; };
		9B69AFCA1FB3117D0044AA28 /* Info.plist */ = {isa = PBXFileReference; lastKnownFileType = text.plist.xml; path = Info.plist; sourceTree = "<group>"; };
		9B69AFD61FB312DD0044AA28 /* Collection+Token.h */ = {isa = PBXFileReference; lastKnownFileType = sourcecode.c.h; path = "Collection+Token.h"; sourceTree = "<group>"; };
		9B69AFD71FB312DD0044AA28 /* Collection+Token.m */ = {isa = PBXFileReference; lastKnownFileType = sourcecode.c.objc; path = "Collection+Token.m"; sourceTree = "<group>"; };
		9B69AFD81FB312DD0044AA28 /* NSString+Token.h */ = {isa = PBXFileReference; lastKnownFileType = sourcecode.c.h; path = "NSString+Token.h"; sourceTree = "<group>"; };
		9B69AFD91FB312DD0044AA28 /* NSString+Token.m */ = {isa = PBXFileReference; lastKnownFileType = sourcecode.c.objc; path = "NSString+Token.m"; sourceTree = "<group>"; };
		9B69AFDA1FB312DD0044AA28 /* NSUserDefaults+Token.h */ = {isa = PBXFileReference; lastKnownFileType = sourcecode.c.h; path = "NSUserDefaults+Token.h"; sourceTree = "<group>"; };
		9B69AFDB1FB312DD0044AA28 /* NSUserDefaults+Token.m */ = {isa = PBXFileReference; lastKnownFileType = sourcecode.c.objc; path = "NSUserDefaults+Token.m"; sourceTree = "<group>"; };
		9B69AFDC1FB312DD0044AA28 /* TokenExtensionHeader.h */ = {isa = PBXFileReference; lastKnownFileType = sourcecode.c.h; path = TokenExtensionHeader.h; sourceTree = "<group>"; };
		9B69AFDD1FB312DD0044AA28 /* UIColor+SSRender.h */ = {isa = PBXFileReference; lastKnownFileType = sourcecode.c.h; path = "UIColor+SSRender.h"; sourceTree = "<group>"; };
		9B69AFDE1FB312DD0044AA28 /* UIColor+SSRender.m */ = {isa = PBXFileReference; lastKnownFileType = sourcecode.c.objc; path = "UIColor+SSRender.m"; sourceTree = "<group>"; };
		9B69AFDF1FB312DD0044AA28 /* UIColor+Token.h */ = {isa = PBXFileReference; lastKnownFileType = sourcecode.c.h; path = "UIColor+Token.h"; sourceTree = "<group>"; };
		9B69AFE01FB312DD0044AA28 /* UIColor+Token.m */ = {isa = PBXFileReference; lastKnownFileType = sourcecode.c.objc; path = "UIColor+Token.m"; sourceTree = "<group>"; };
		9B69AFE11FB312DD0044AA28 /* UIView+Token.h */ = {isa = PBXFileReference; lastKnownFileType = sourcecode.c.h; path = "UIView+Token.h"; sourceTree = "<group>"; };
		9B69AFE21FB312DD0044AA28 /* UIView+Token.m */ = {isa = PBXFileReference; lastKnownFileType = sourcecode.c.objc; path = "UIView+Token.m"; sourceTree = "<group>"; };
		9B69AFE31FB312DD0044AA28 /* UIViewController+Token.h */ = {isa = PBXFileReference; lastKnownFileType = sourcecode.c.h; path = "UIViewController+Token.h"; sourceTree = "<group>"; };
		9B69AFE41FB312DD0044AA28 /* UIViewController+Token.m */ = {isa = PBXFileReference; lastKnownFileType = sourcecode.c.objc; path = "UIViewController+Token.m"; sourceTree = "<group>"; };
		9B69AFE61FB3134D0044AA28 /* TokenXMLParser.h */ = {isa = PBXFileReference; lastKnownFileType = sourcecode.c.h; path = TokenXMLParser.h; sourceTree = "<group>"; };
		9B69AFE71FB3134D0044AA28 /* TokenXMLParser.m */ = {isa = PBXFileReference; lastKnownFileType = sourcecode.c.objc; path = TokenXMLParser.m; sourceTree = "<group>"; };
		9B69AFE81FB3134D0044AA28 /* TokenCSSParser.h */ = {isa = PBXFileReference; lastKnownFileType = sourcecode.c.h; path = TokenCSSParser.h; sourceTree = "<group>"; };
		9B69AFE91FB3134D0044AA28 /* TokenCSSParser.m */ = {isa = PBXFileReference; lastKnownFileType = sourcecode.c.objc; path = TokenCSSParser.m; sourceTree = "<group>"; };
		9B69AFF31FB313D40044AA28 /* TokenHybridOrganizer.h */ = {isa = PBXFileReference; lastKnownFileType = sourcecode.c.h; path = TokenHybridOrganizer.h; sourceTree = "<group>"; };
		9B69AFF41FB313D40044AA28 /* TokenHybridOrganizer.m */ = {isa = PBXFileReference; lastKnownFileType = sourcecode.c.objc; path = TokenHybridOrganizer.m; sourceTree = "<group>"; };
		9B69AFF61FB314480044AA28 /* TokenViewBuilder.h */ = {isa = PBXFileReference; lastKnownFileType = sourcecode.c.h; path = TokenViewBuilder.h; sourceTree = "<group>"; };
		9B69AFF71FB314480044AA28 /* TokenViewBuilder.m */ = {isa = PBXFileReference; lastKnownFileType = sourcecode.c.objc; path = TokenViewBuilder.m; sourceTree = "<group>"; };
		9B69AFFA1FB314BD0044AA28 /* TokenDocument.h */ = {isa = PBXFileReference; lastKnownFileType = sourcecode.c.h; path = TokenDocument.h; sourceTree = "<group>"; };
		9B69AFFB1FB314BD0044AA28 /* TokenDocument.m */ = {isa = PBXFileReference; lastKnownFileType = sourcecode.c.objc; path = TokenDocument.m; sourceTree = "<group>"; };
		9B69AFFC1FB314BD0044AA28 /* TokenXMLNode.h */ = {isa = PBXFileReference; lastKnownFileType = sourcecode.c.h; path = TokenXMLNode.h; sourceTree = "<group>"; };
		9B69AFFD1FB314BD0044AA28 /* TokenXMLNode.m */ = {isa = PBXFileReference; lastKnownFileType = sourcecode.c.objc; path = TokenXMLNode.m; sourceTree = "<group>"; };
		9B69AFFE1FB315640044AA28 /* TokenHybridDefine.h */ = {isa = PBXFileReference; lastKnownFileType = sourcecode.c.h; path = TokenHybridDefine.h; sourceTree = "<group>"; };
		9B69AFFF1FB316EC0044AA28 /* TokenHybridStack.h */ = {isa = PBXFileReference; lastKnownFileType = sourcecode.c.h; path = TokenHybridStack.h; sourceTree = "<group>"; };
		9B69B0001FB316EC0044AA28 /* TokenHybridStack.m */ = {isa = PBXFileReference; lastKnownFileType = sourcecode.c.objc; path = TokenHybridStack.m; sourceTree = "<group>"; };
		9B69B0041FB3183F0044AA28 /* TokenNodeComponentRegister.m */ = {isa = PBXFileReference; lastKnownFileType = sourcecode.c.objc; path = TokenNodeComponentRegister.m; sourceTree = "<group>"; };
		9B69B0051FB3183F0044AA28 /* TokenNodeComponentRegister.h */ = {isa = PBXFileReference; lastKnownFileType = sourcecode.c.h; path = TokenNodeComponentRegister.h; sourceTree = "<group>"; };
		9B69B04C1FB318960044AA28 /* TokenHybridConstant.m */ = {isa = PBXFileReference; lastKnownFileType = sourcecode.c.objc; path = TokenHybridConstant.m; sourceTree = "<group>"; };
		9B69B04D1FB318970044AA28 /* TokenHybridConstant.h */ = {isa = PBXFileReference; lastKnownFileType = sourcecode.c.h; path = TokenHybridConstant.h; sourceTree = "<group>"; };
		9B7E77B31FB5BA8D00B091BD /* TokenComponent+pullRefresh.h */ = {isa = PBXFileReference; lastKnownFileType = sourcecode.c.h; path = "TokenComponent+pullRefresh.h"; sourceTree = "<group>"; };
		9B7E77B41FB5BA8D00B091BD /* TokenComponent+pullRefresh.m */ = {isa = PBXFileReference; lastKnownFileType = sourcecode.c.objc; path = "TokenComponent+pullRefresh.m"; sourceTree = "<group>"; };
		9B7E77B71FB7582F00B091BD /* TokenCompeleteView.h */ = {isa = PBXFileReference; lastKnownFileType = sourcecode.c.h; path = TokenCompeleteView.h; sourceTree = "<group>"; };
		9B7E77B81FB7582F00B091BD /* TokenCompeleteView.m */ = {isa = PBXFileReference; lastKnownFileType = sourcecode.c.objc; path = TokenCompeleteView.m; sourceTree = "<group>"; };
		9B7E77B91FB7582F00B091BD /* TokenConsoleCell.h */ = {isa = PBXFileReference; lastKnownFileType = sourcecode.c.h; path = TokenConsoleCell.h; sourceTree = "<group>"; };
		9B7E77BA1FB7582F00B091BD /* TokenConsoleCell.m */ = {isa = PBXFileReference; lastKnownFileType = sourcecode.c.objc; path = TokenConsoleCell.m; sourceTree = "<group>"; };
		9B7E77BB1FB7582F00B091BD /* TokenConsolePushView.h */ = {isa = PBXFileReference; lastKnownFileType = sourcecode.c.h; path = TokenConsolePushView.h; sourceTree = "<group>"; };
		9B7E77BC1FB7582F00B091BD /* TokenConsolePushView.m */ = {isa = PBXFileReference; lastKnownFileType = sourcecode.c.objc; path = TokenConsolePushView.m; sourceTree = "<group>"; };
		9B7E77BD1FB7582F00B091BD /* TokenConsoleView.h */ = {isa = PBXFileReference; lastKnownFileType = sourcecode.c.h; path = TokenConsoleView.h; sourceTree = "<group>"; };
		9B7E77BE1FB7582F00B091BD /* TokenConsoleView.m */ = {isa = PBXFileReference; lastKnownFileType = sourcecode.c.objc; path = TokenConsoleView.m; sourceTree = "<group>"; };
		9B7E77BF1FB7582F00B091BD /* TokenHybridDebugView.h */ = {isa = PBXFileReference; lastKnownFileType = sourcecode.c.h; path = TokenHybridDebugView.h; sourceTree = "<group>"; };
		9B7E77C01FB7582F00B091BD /* TokenHybridDebugView.m */ = {isa = PBXFileReference; lastKnownFileType = sourcecode.c.objc; path = TokenHybridDebugView.m; sourceTree = "<group>"; };
		9B7F64DF1FB44E6F009F0889 /* TokenPureComponent.h */ = {isa = PBXFileReference; lastKnownFileType = sourcecode.c.h; path = TokenPureComponent.h; sourceTree = "<group>"; };
		9B7F64E01FB44E70009F0889 /* TokenPureComponent.m */ = {isa = PBXFileReference; lastKnownFileType = sourcecode.c.objc; path = TokenPureComponent.m; sourceTree = "<group>"; };
		9B8963A91FB9ADF700DBFBCD /* TokenXMLNode+Animation.m */ = {isa = PBXFileReference; lastKnownFileType = sourcecode.c.objc; path = "TokenXMLNode+Animation.m"; sourceTree = "<group>"; };
		9B8963AA1FB9ADF700DBFBCD /* TokenXMLNode+Animation.h */ = {isa = PBXFileReference; lastKnownFileType = sourcecode.c.h; path = "TokenXMLNode+Animation.h"; sourceTree = "<group>"; };
		9BD0AE561FB427A600C362FB /* UIView+TokenFlexLayout.h */ = {isa = PBXFileReference; lastKnownFileType = sourcecode.c.h; path = "UIView+TokenFlexLayout.h"; sourceTree = "<group>"; };
		9BD0AE571FB427A600C362FB /* UIView+TokenFlexLayout.m */ = {isa = PBXFileReference; lastKnownFileType = sourcecode.c.objc; path = "UIView+TokenFlexLayout.m"; sourceTree = "<group>"; };
		9BD0AE591FB42E9C00C362FB /* UIView+Attributes.h */ = {isa = PBXFileReference; lastKnownFileType = sourcecode.c.h; path = "UIView+Attributes.h"; sourceTree = "<group>"; };
		9BD0AE5A1FB42E9C00C362FB /* UIView+Attributes.m */ = {isa = PBXFileReference; lastKnownFileType = sourcecode.c.objc; path = "UIView+Attributes.m"; sourceTree = "<group>"; };
		9BD0AE5E1FB43E0000C362FB /* TokenBase.js */ = {isa = PBXFileReference; lastKnownFileType = sourcecode.javascript; path = TokenBase.js; sourceTree = "<group>"; };
		9BD0AE5F1FB43E0000C362FB /* TokenJSContext.h */ = {isa = PBXFileReference; lastKnownFileType = sourcecode.c.h; path = TokenJSContext.h; sourceTree = "<group>"; };
		9BD0AE601FB43E0000C362FB /* TokenJSContext.m */ = {isa = PBXFileReference; lastKnownFileType = sourcecode.c.objc; path = TokenJSContext.m; sourceTree = "<group>"; };
		9BD0AE611FB43E0000C362FB /* TokenTool.h */ = {isa = PBXFileReference; lastKnownFileType = sourcecode.c.h; path = TokenTool.h; sourceTree = "<group>"; };
		9BD0AE621FB43E0000C362FB /* TokenTool.m */ = {isa = PBXFileReference; lastKnownFileType = sourcecode.c.objc; path = TokenTool.m; sourceTree = "<group>"; };
		9BD0AE631FB43E5600C362FB /* JSValue+Token.h */ = {isa = PBXFileReference; lastKnownFileType = sourcecode.c.h; path = "JSValue+Token.h"; sourceTree = "<group>"; };
		9BD0AE641FB43E5600C362FB /* JSValue+Token.m */ = {isa = PBXFileReference; lastKnownFileType = sourcecode.c.objc; path = "JSValue+Token.m"; sourceTree = "<group>"; };
		9BD0AE681FB43E7F00C362FB /* TokenPickerComponent.m */ = {isa = PBXFileReference; lastKnownFileType = sourcecode.c.objc; path = TokenPickerComponent.m; sourceTree = "<group>"; };
		9BD0AE691FB43E7F00C362FB /* TokenPickerComponent.h */ = {isa = PBXFileReference; lastKnownFileType = sourcecode.c.h; path = TokenPickerComponent.h; sourceTree = "<group>"; };
		9BD0AE6B1FB43FC300C362FB /* NSDictionary+chainScript.m */ = {isa = PBXFileReference; lastKnownFileType = sourcecode.c.objc; path = "NSDictionary+chainScript.m"; sourceTree = "<group>"; };
		9BD0AE6C1FB43FC400C362FB /* NSDictionary+chainScript.h */ = {isa = PBXFileReference; lastKnownFileType = sourcecode.c.h; path = "NSDictionary+chainScript.h"; sourceTree = "<group>"; };
		9BD0AE6E1FB43FEC00C362FB /* TokenWebViewComponent.m */ = {isa = PBXFileReference; lastKnownFileType = sourcecode.c.objc; path = TokenWebViewComponent.m; sourceTree = "<group>"; };
		9BD0AE6F1FB43FED00C362FB /* TokenScrollComponent.m */ = {isa = PBXFileReference; lastKnownFileType = sourcecode.c.objc; path = TokenScrollComponent.m; sourceTree = "<group>"; };
		9BD0AE701FB43FED00C362FB /* TokenImageComponent.h */ = {isa = PBXFileReference; lastKnownFileType = sourcecode.c.h; path = TokenImageComponent.h; sourceTree = "<group>"; };
		9BD0AE711FB43FED00C362FB /* TokenSegmentedComponent.m */ = {isa = PBXFileReference; lastKnownFileType = sourcecode.c.objc; path = TokenSegmentedComponent.m; sourceTree = "<group>"; };
		9BD0AE721FB43FED00C362FB /* TokenTextAreaComponent.h */ = {isa = PBXFileReference; lastKnownFileType = sourcecode.c.h; path = TokenTextAreaComponent.h; sourceTree = "<group>"; };
		9BD0AE731FB43FED00C362FB /* TokenInputComponent.h */ = {isa = PBXFileReference; lastKnownFileType = sourcecode.c.h; path = TokenInputComponent.h; sourceTree = "<group>"; };
		9BD0AE741FB43FED00C362FB /* TokenButtonComponent.m */ = {isa = PBXFileReference; lastKnownFileType = sourcecode.c.objc; path = TokenButtonComponent.m; sourceTree = "<group>"; };
		9BD0AE751FB43FED00C362FB /* TokenLabelComponent.m */ = {isa = PBXFileReference; lastKnownFileType = sourcecode.c.objc; path = TokenLabelComponent.m; sourceTree = "<group>"; };
		9BD0AE761FB43FED00C362FB /* TokenSearchBarComponent.m */ = {isa = PBXFileReference; lastKnownFileType = sourcecode.c.objc; path = TokenSearchBarComponent.m; sourceTree = "<group>"; };
		9BD0AE791FB43FEE00C362FB /* TokenImageComponent.m */ = {isa = PBXFileReference; lastKnownFileType = sourcecode.c.objc; path = TokenImageComponent.m; sourceTree = "<group>"; };
		9BD0AE7B1FB43FEE00C362FB /* TokenInputComponent.m */ = {isa = PBXFileReference; lastKnownFileType = sourcecode.c.objc; path = TokenInputComponent.m; sourceTree = "<group>"; };
		9BD0AE7C1FB43FEE00C362FB /* TokenScrollComponent.h */ = {isa = PBXFileReference; lastKnownFileType = sourcecode.c.h; path = TokenScrollComponent.h; sourceTree = "<group>"; };
		9BD0AE7D1FB43FEE00C362FB /* TokenSearchBarComponent.h */ = {isa = PBXFileReference; lastKnownFileType = sourcecode.c.h; path = TokenSearchBarComponent.h; sourceTree = "<group>"; };
		9BD0AE7E1FB43FEE00C362FB /* TokenSegmentedComponent.h */ = {isa = PBXFileReference; lastKnownFileType = sourcecode.c.h; path = TokenSegmentedComponent.h; sourceTree = "<group>"; };
		9BD0AE7F1FB43FEE00C362FB /* TokenSwitchComponent.h */ = {isa = PBXFileReference; lastKnownFileType = sourcecode.c.h; path = TokenSwitchComponent.h; sourceTree = "<group>"; };
		9BD0AE801FB43FEE00C362FB /* TokenButtonComponent.h */ = {isa = PBXFileReference; lastKnownFileType = sourcecode.c.h; path = TokenButtonComponent.h; sourceTree = "<group>"; };
		9BD0AE811FB43FEF00C362FB /* TokenLabelComponent.h */ = {isa = PBXFileReference; lastKnownFileType = sourcecode.c.h; path = TokenLabelComponent.h; sourceTree = "<group>"; };
		9BD0AE821FB43FEF00C362FB /* TokenSwitchComponent.m */ = {isa = PBXFileReference; lastKnownFileType = sourcecode.c.objc; path = TokenSwitchComponent.m; sourceTree = "<group>"; };
		9BD0AE831FB43FEF00C362FB /* TokenTextAreaComponent.m */ = {isa = PBXFileReference; lastKnownFileType = sourcecode.c.objc; path = TokenTextAreaComponent.m; sourceTree = "<group>"; };
		9BD0AE841FB43FEF00C362FB /* TokenWebViewComponent.h */ = {isa = PBXFileReference; lastKnownFileType = sourcecode.c.h; path = TokenWebViewComponent.h; sourceTree = "<group>"; };
		FB761CF93D96A72A3D3CAA0C /* Pods-TokenHybrid.debug.xcconfig */ = {isa = PBXFileReference; includeInIndex = 1; lastKnownFileType = text.xcconfig; name = "Pods-TokenHybrid.debug.xcconfig"; path = "Pods/Target Support Files/Pods-TokenHybrid/Pods-TokenHybrid.debug.xcconfig"; sourceTree = "<group>"; };
/* End PBXFileReference section */

/* Begin PBXFrameworksBuildPhase section */
		9B69AFA91FB3117D0044AA28 /* Frameworks */ = {
			isa = PBXFrameworksBuildPhase;
			buildActionMask = 2147483647;
			files = (
				EF9C24C8E23C7CD9511D6D58 /* Pods_TokenHybrid.framework in Frameworks */,
			);
			runOnlyForDeploymentPostprocessing = 0;
		};
		9B69AFC11FB3117D0044AA28 /* Frameworks */ = {
			isa = PBXFrameworksBuildPhase;
			buildActionMask = 2147483647;
			files = (
			);
			runOnlyForDeploymentPostprocessing = 0;
		};
/* End PBXFrameworksBuildPhase section */

/* Begin PBXGroup section */
		2617B0FEB39B26D193ED2878 /* Pods */ = {
			isa = PBXGroup;
			children = (
				FB761CF93D96A72A3D3CAA0C /* Pods-TokenHybrid.debug.xcconfig */,
				67A344AA5B0106750828224A /* Pods-TokenHybrid.release.xcconfig */,
			);
			name = Pods;
			sourceTree = "<group>";
		};
		40C63371CC59AD2B8A75A56F /* Frameworks */ = {
			isa = PBXGroup;
			children = (
				2097151F60668847B9E02042 /* Pods_TokenHybrid.framework */,
			);
			name = Frameworks;
			sourceTree = "<group>";
		};
		9B2EB0701FB3EBDC0007FE01 /* component */ = {
			isa = PBXGroup;
			children = (
				9B7E77B61FB7582F00B091BD /* TokenHybridDebug */,
				9B3CD2021FB53D9900AE516B /* TableView */,
				9B15C8411FC7B1EB00249B66 /* TokenPageControl.h */,
				9B15C8401FC7B1EB00249B66 /* TokenPageControl.m */,
				9B3CD1FF1FB49B1900AE516B /* TokenHybridRenderController.h */,
				9B3CD2001FB49B1900AE516B /* TokenHybridRenderController.m */,
				9B7F64DF1FB44E6F009F0889 /* TokenPureComponent.h */,
				9B7F64E01FB44E70009F0889 /* TokenPureComponent.m */,
				9BD0AE801FB43FEE00C362FB /* TokenButtonComponent.h */,
				9BD0AE741FB43FED00C362FB /* TokenButtonComponent.m */,
				9BD0AE701FB43FED00C362FB /* TokenImageComponent.h */,
				9BD0AE791FB43FEE00C362FB /* TokenImageComponent.m */,
				9BD0AE731FB43FED00C362FB /* TokenInputComponent.h */,
				9BD0AE7B1FB43FEE00C362FB /* TokenInputComponent.m */,
				9BD0AE811FB43FEF00C362FB /* TokenLabelComponent.h */,
				9BD0AE751FB43FED00C362FB /* TokenLabelComponent.m */,
				9BD0AE7C1FB43FEE00C362FB /* TokenScrollComponent.h */,
				9BD0AE6F1FB43FED00C362FB /* TokenScrollComponent.m */,
				9BD0AE7D1FB43FEE00C362FB /* TokenSearchBarComponent.h */,
				9BD0AE761FB43FED00C362FB /* TokenSearchBarComponent.m */,
				9BD0AE7E1FB43FEE00C362FB /* TokenSegmentedComponent.h */,
				9BD0AE711FB43FED00C362FB /* TokenSegmentedComponent.m */,
				9BD0AE7F1FB43FEE00C362FB /* TokenSwitchComponent.h */,
				9BD0AE821FB43FEF00C362FB /* TokenSwitchComponent.m */,
				9BD0AE721FB43FED00C362FB /* TokenTextAreaComponent.h */,
				9BD0AE831FB43FEF00C362FB /* TokenTextAreaComponent.m */,
				9BD0AE841FB43FEF00C362FB /* TokenWebViewComponent.h */,
				9BD0AE6E1FB43FEC00C362FB /* TokenWebViewComponent.m */,
				9BD0AE691FB43E7F00C362FB /* TokenPickerComponent.h */,
				9BD0AE681FB43E7F00C362FB /* TokenPickerComponent.m */,
			);
			path = component;
			sourceTree = "<group>";
		};
		9B2EB0771FB3F0E80007FE01 /* category */ = {
			isa = PBXGroup;
			children = (
				9B8963AA1FB9ADF700DBFBCD /* TokenXMLNode+Animation.h */,
				9B8963A91FB9ADF700DBFBCD /* TokenXMLNode+Animation.m */,
				9B7E77B31FB5BA8D00B091BD /* TokenComponent+pullRefresh.h */,
				9B7E77B41FB5BA8D00B091BD /* TokenComponent+pullRefresh.m */,
				9B2EB07B1FB402030007FE01 /* TokenXMLNode+JSExport.h */,
				9B2EB07C1FB402030007FE01 /* TokenXMLNode+JSExport.m */,
				9BD0AE591FB42E9C00C362FB /* UIView+Attributes.h */,
				9BD0AE5A1FB42E9C00C362FB /* UIView+Attributes.m */,
				9BD0AE561FB427A600C362FB /* UIView+TokenFlexLayout.h */,
				9BD0AE571FB427A600C362FB /* UIView+TokenFlexLayout.m */,
				9BD0AE6C1FB43FC400C362FB /* NSDictionary+chainScript.h */,
				9BD0AE6B1FB43FC300C362FB /* NSDictionary+chainScript.m */,
				9BD0AE631FB43E5600C362FB /* JSValue+Token.h */,
				9BD0AE641FB43E5600C362FB /* JSValue+Token.m */,
				9B2EB0781FB3F1160007FE01 /* NSString+TokenHybrid.h */,
				9B2EB0791FB3F1160007FE01 /* NSString+TokenHybrid.m */,
			);
			path = category;
			sourceTree = "<group>";
		};
		9B3CD2021FB53D9900AE516B /* TableView */ = {
			isa = PBXGroup;
			children = (
				9B3CD2031FB53D9900AE516B /* TokenDataItem.h */,
				9B3CD2041FB53D9900AE516B /* TokenDataItem.m */,
				9B3CD2071FB53D9900AE516B /* TokenTableComponent.h */,
				9B3CD2081FB53D9900AE516B /* TokenTableComponent.m */,
				9B3CD2051FB53D9900AE516B /* TokenTableCell.h */,
				9B3CD2061FB53D9900AE516B /* TokenTableCell.m */,
				9B3CD2091FB53D9900AE516B /* TokenTableSectionView.h */,
				9B3CD20A1FB53D9900AE516B /* TokenTableSectionView.m */,
			);
			path = TableView;
			sourceTree = "<group>";
		};
		9B69AFA31FB3117D0044AA28 = {
			isa = PBXGroup;
			children = (
				9B69AFD51FB312DD0044AA28 /* TokenExtension */,
				9B69AFD31FB312A70044AA28 /* source */,
				9B69AFAE1FB3117D0044AA28 /* TokenHybrid */,
				9B69AFC71FB3117D0044AA28 /* TokenHybridTests */,
				9B69AFAD1FB3117D0044AA28 /* Products */,
				2617B0FEB39B26D193ED2878 /* Pods */,
				40C63371CC59AD2B8A75A56F /* Frameworks */,
			);
			sourceTree = "<group>";
		};
		9B69AFAD1FB3117D0044AA28 /* Products */ = {
			isa = PBXGroup;
			children = (
				9B69AFAC1FB3117D0044AA28 /* TokenHybrid.app */,
				9B69AFC41FB3117D0044AA28 /* TokenHybridTests.xctest */,
			);
			name = Products;
			sourceTree = "<group>";
		};
		9B69AFAE1FB3117D0044AA28 /* TokenHybrid */ = {
			isa = PBXGroup;
			children = (
				9B69AFAF1FB3117D0044AA28 /* AppDelegate.h */,
				9B69AFB01FB3117D0044AA28 /* AppDelegate.m */,
				9B69AFB21FB3117D0044AA28 /* ViewController.h */,
				9B69AFB31FB3117D0044AA28 /* ViewController.m */,
				9B69AFB51FB3117D0044AA28 /* Main.storyboard */,
				9B69AFB81FB3117D0044AA28 /* Assets.xcassets */,
				9B69AFBA1FB3117D0044AA28 /* LaunchScreen.storyboard */,
				9B69AFBD1FB3117D0044AA28 /* Info.plist */,
				9B69AFBE1FB3117D0044AA28 /* main.m */,
			);
			path = TokenHybrid;
			sourceTree = "<group>";
		};
		9B69AFC71FB3117D0044AA28 /* TokenHybridTests */ = {
			isa = PBXGroup;
			children = (
				9B69AFC81FB3117D0044AA28 /* TokenHybridTests.m */,
				9B69AFCA1FB3117D0044AA28 /* Info.plist */,
			);
			path = TokenHybridTests;
			sourceTree = "<group>";
		};
		9B69AFD31FB312A70044AA28 /* source */ = {
			isa = PBXGroup;
			children = (
				9BD0AE5C1FB43E0000C362FB /* JavaScriptSupport */,
				9B69AFF91FB314BD0044AA28 /* model */,
				9B2EB0771FB3F0E80007FE01 /* category */,
				9B69AFD41FB312C70044AA28 /* tool */,
				9B2EB0701FB3EBDC0007FE01 /* component */,
				9B69AFE51FB313420044AA28 /* parser */,
			);
			path = source;
			sourceTree = "<group>";
		};
		9B69AFD41FB312C70044AA28 /* tool */ = {
			isa = PBXGroup;
			children = (
				9B69AFF61FB314480044AA28 /* TokenViewBuilder.h */,
				9B69AFF71FB314480044AA28 /* TokenViewBuilder.m */,
				9B69B04D1FB318970044AA28 /* TokenHybridConstant.h */,
				9B69B04C1FB318960044AA28 /* TokenHybridConstant.m */,
				9B69B0051FB3183F0044AA28 /* TokenNodeComponentRegister.h */,
				9B69B0041FB3183F0044AA28 /* TokenNodeComponentRegister.m */,
				9B69AFFF1FB316EC0044AA28 /* TokenHybridStack.h */,
				9B69B0001FB316EC0044AA28 /* TokenHybridStack.m */,
				9B69AFF31FB313D40044AA28 /* TokenHybridOrganizer.h */,
				9B69AFF41FB313D40044AA28 /* TokenHybridOrganizer.m */,
			);
			path = tool;
			sourceTree = "<group>";
		};
		9B69AFD51FB312DD0044AA28 /* TokenExtension */ = {
			isa = PBXGroup;
			children = (
				9B69AFDC1FB312DD0044AA28 /* TokenExtensionHeader.h */,
				9B69AFD61FB312DD0044AA28 /* Collection+Token.h */,
				9B69AFD71FB312DD0044AA28 /* Collection+Token.m */,
				9B69AFD81FB312DD0044AA28 /* NSString+Token.h */,
				9B69AFD91FB312DD0044AA28 /* NSString+Token.m */,
				9B69AFDA1FB312DD0044AA28 /* NSUserDefaults+Token.h */,
				9B69AFDB1FB312DD0044AA28 /* NSUserDefaults+Token.m */,
				9B69AFDD1FB312DD0044AA28 /* UIColor+SSRender.h */,
				9B69AFDE1FB312DD0044AA28 /* UIColor+SSRender.m */,
				9B69AFDF1FB312DD0044AA28 /* UIColor+Token.h */,
				9B69AFE01FB312DD0044AA28 /* UIColor+Token.m */,
				9B69AFE11FB312DD0044AA28 /* UIView+Token.h */,
				9B69AFE21FB312DD0044AA28 /* UIView+Token.m */,
				9B69AFE31FB312DD0044AA28 /* UIViewController+Token.h */,
				9B69AFE41FB312DD0044AA28 /* UIViewController+Token.m */,
			);
			path = TokenExtension;
			sourceTree = "<group>";
		};
		9B69AFE51FB313420044AA28 /* parser */ = {
			isa = PBXGroup;
			children = (
				9B69AFE81FB3134D0044AA28 /* TokenCSSParser.h */,
				9B69AFE91FB3134D0044AA28 /* TokenCSSParser.m */,
				9B69AFE61FB3134D0044AA28 /* TokenXMLParser.h */,
				9B69AFE71FB3134D0044AA28 /* TokenXMLParser.m */,
			);
			path = parser;
			sourceTree = "<group>";
		};
		9B69AFF91FB314BD0044AA28 /* model */ = {
			isa = PBXGroup;
			children = (
				9B69AFFA1FB314BD0044AA28 /* TokenDocument.h */,
				9B69AFFB1FB314BD0044AA28 /* TokenDocument.m */,
				9B69AFFC1FB314BD0044AA28 /* TokenXMLNode.h */,
				9B69AFFD1FB314BD0044AA28 /* TokenXMLNode.m */,
			);
			path = model;
			sourceTree = "<group>";
		};
		9B7E77B61FB7582F00B091BD /* TokenHybridDebug */ = {
			isa = PBXGroup;
			children = (
				9B7E77B71FB7582F00B091BD /* TokenCompeleteView.h */,
				9B7E77B81FB7582F00B091BD /* TokenCompeleteView.m */,
				9B7E77B91FB7582F00B091BD /* TokenConsoleCell.h */,
				9B7E77BA1FB7582F00B091BD /* TokenConsoleCell.m */,
				9B7E77BB1FB7582F00B091BD /* TokenConsolePushView.h */,
				9B7E77BC1FB7582F00B091BD /* TokenConsolePushView.m */,
				9B7E77BD1FB7582F00B091BD /* TokenConsoleView.h */,
				9B7E77BE1FB7582F00B091BD /* TokenConsoleView.m */,
				9B7E77BF1FB7582F00B091BD /* TokenHybridDebugView.h */,
				9B7E77C01FB7582F00B091BD /* TokenHybridDebugView.m */,
			);
			path = TokenHybridDebug;
			sourceTree = "<group>";
		};
		9BD0AE5C1FB43E0000C362FB /* JavaScriptSupport */ = {
			isa = PBXGroup;
			children = (
				9BD0AE5D1FB43E0000C362FB /* Scripts */,
				9B69AFFE1FB315640044AA28 /* TokenHybridDefine.h */,
				9BD0AE5F1FB43E0000C362FB /* TokenJSContext.h */,
				9BD0AE601FB43E0000C362FB /* TokenJSContext.m */,
				9BD0AE611FB43E0000C362FB /* TokenTool.h */,
				9BD0AE621FB43E0000C362FB /* TokenTool.m */,
				9B49F4231FD9672E00234C48 /* TokenUserNotification.h */,
				9B49F4241FD9672E00234C48 /* TokenUserNotification.m */,
			);
			path = JavaScriptSupport;
			sourceTree = "<group>";
		};
		9BD0AE5D1FB43E0000C362FB /* Scripts */ = {
			isa = PBXGroup;
			children = (
				9BD0AE5E1FB43E0000C362FB /* TokenBase.js */,
			);
			path = Scripts;
			sourceTree = "<group>";
		};
/* End PBXGroup section */

/* Begin PBXNativeTarget section */
		9B69AFAB1FB3117D0044AA28 /* TokenHybrid */ = {
			isa = PBXNativeTarget;
			buildConfigurationList = 9B69AFCD1FB3117D0044AA28 /* Build configuration list for PBXNativeTarget "TokenHybrid" */;
			buildPhases = (
				BC1655CD9778B4CE888A1D40 /* [CP] Check Pods Manifest.lock */,
				9B69AFA81FB3117D0044AA28 /* Sources */,
				9B69AFA91FB3117D0044AA28 /* Frameworks */,
				9B69AFAA1FB3117D0044AA28 /* Resources */,
				493CCD96476366D7CD7C94DD /* [CP] Embed Pods Frameworks */,
				DF1152E444DA3D573C36B29C /* [CP] Copy Pods Resources */,
			);
			buildRules = (
			);
			dependencies = (
			);
			name = TokenHybrid;
			productName = TokenHybrid;
			productReference = 9B69AFAC1FB3117D0044AA28 /* TokenHybrid.app */;
			productType = "com.apple.product-type.application";
		};
		9B69AFC31FB3117D0044AA28 /* TokenHybridTests */ = {
			isa = PBXNativeTarget;
			buildConfigurationList = 9B69AFD01FB3117D0044AA28 /* Build configuration list for PBXNativeTarget "TokenHybridTests" */;
			buildPhases = (
				9B69AFC01FB3117D0044AA28 /* Sources */,
				9B69AFC11FB3117D0044AA28 /* Frameworks */,
				9B69AFC21FB3117D0044AA28 /* Resources */,
			);
			buildRules = (
			);
			dependencies = (
				9B69AFC61FB3117D0044AA28 /* PBXTargetDependency */,
			);
			name = TokenHybridTests;
			productName = TokenHybridTests;
			productReference = 9B69AFC41FB3117D0044AA28 /* TokenHybridTests.xctest */;
			productType = "com.apple.product-type.bundle.unit-test";
		};
/* End PBXNativeTarget section */

/* Begin PBXProject section */
		9B69AFA41FB3117D0044AA28 /* Project object */ = {
			isa = PBXProject;
			attributes = {
				LastUpgradeCheck = 0900;
				ORGANIZATIONNAME = com.feelings;
				TargetAttributes = {
					9B69AFAB1FB3117D0044AA28 = {
						CreatedOnToolsVersion = 9.0;
						ProvisioningStyle = Automatic;
					};
					9B69AFC31FB3117D0044AA28 = {
						CreatedOnToolsVersion = 9.0;
						ProvisioningStyle = Automatic;
						TestTargetID = 9B69AFAB1FB3117D0044AA28;
					};
				};
			};
			buildConfigurationList = 9B69AFA71FB3117D0044AA28 /* Build configuration list for PBXProject "TokenHybrid" */;
			compatibilityVersion = "Xcode 8.0";
			developmentRegion = en;
			hasScannedForEncodings = 0;
			knownRegions = (
				en,
				Base,
			);
			mainGroup = 9B69AFA31FB3117D0044AA28;
			productRefGroup = 9B69AFAD1FB3117D0044AA28 /* Products */;
			projectDirPath = "";
			projectRoot = "";
			targets = (
				9B69AFAB1FB3117D0044AA28 /* TokenHybrid */,
				9B69AFC31FB3117D0044AA28 /* TokenHybridTests */,
			);
		};
/* End PBXProject section */

/* Begin PBXResourcesBuildPhase section */
		9B69AFAA1FB3117D0044AA28 /* Resources */ = {
			isa = PBXResourcesBuildPhase;
			buildActionMask = 2147483647;
			files = (
				9B7F64DE1FB4493E009F0889 /* TokenBase.js in Resources */,
				9B69AFBC1FB3117D0044AA28 /* LaunchScreen.storyboard in Resources */,
				9B69AFB91FB3117D0044AA28 /* Assets.xcassets in Resources */,
				9B69AFB71FB3117D0044AA28 /* Main.storyboard in Resources */,
			);
			runOnlyForDeploymentPostprocessing = 0;
		};
		9B69AFC21FB3117D0044AA28 /* Resources */ = {
			isa = PBXResourcesBuildPhase;
			buildActionMask = 2147483647;
			files = (
			);
			runOnlyForDeploymentPostprocessing = 0;
		};
/* End PBXResourcesBuildPhase section */

/* Begin PBXShellScriptBuildPhase section */
		493CCD96476366D7CD7C94DD /* [CP] Embed Pods Frameworks */ = {
			isa = PBXShellScriptBuildPhase;
			buildActionMask = 2147483647;
			files = (
			);
			inputPaths = (
				"${SRCROOT}/Pods/Target Support Files/Pods-TokenHybrid/Pods-TokenHybrid-frameworks.sh",
				"${BUILT_PRODUCTS_DIR}/ChainableAnimations/ChainableAnimations.framework",
				"${BUILT_PRODUCTS_DIR}/KMNavigationBarTransition/KMNavigationBarTransition.framework",
				"${BUILT_PRODUCTS_DIR}/MJRefresh/MJRefresh.framework",
				"${BUILT_PRODUCTS_DIR}/SDWebImage/SDWebImage.framework",
				"${BUILT_PRODUCTS_DIR}/SVProgressHUD/SVProgressHUD.framework",
				"${BUILT_PRODUCTS_DIR}/TBActionSheet/TBActionSheet.framework",
				"${BUILT_PRODUCTS_DIR}/TokenNetworking/TokenNetworking.framework",
				"${BUILT_PRODUCTS_DIR}/UITableView+FDTemplateLayoutCell/UITableView_FDTemplateLayoutCell.framework",
				"${BUILT_PRODUCTS_DIR}/Yoga/yoga.framework",
				"${BUILT_PRODUCTS_DIR}/YogaKit/YogaKit.framework",
			);
			name = "[CP] Embed Pods Frameworks";
			outputPaths = (
				"${TARGET_BUILD_DIR}/${FRAMEWORKS_FOLDER_PATH}/ChainableAnimations.framework",
				"${TARGET_BUILD_DIR}/${FRAMEWORKS_FOLDER_PATH}/KMNavigationBarTransition.framework",
				"${TARGET_BUILD_DIR}/${FRAMEWORKS_FOLDER_PATH}/MJRefresh.framework",
				"${TARGET_BUILD_DIR}/${FRAMEWORKS_FOLDER_PATH}/SDWebImage.framework",
				"${TARGET_BUILD_DIR}/${FRAMEWORKS_FOLDER_PATH}/SVProgressHUD.framework",
				"${TARGET_BUILD_DIR}/${FRAMEWORKS_FOLDER_PATH}/TBActionSheet.framework",
				"${TARGET_BUILD_DIR}/${FRAMEWORKS_FOLDER_PATH}/TokenNetworking.framework",
				"${TARGET_BUILD_DIR}/${FRAMEWORKS_FOLDER_PATH}/UITableView_FDTemplateLayoutCell.framework",
				"${TARGET_BUILD_DIR}/${FRAMEWORKS_FOLDER_PATH}/yoga.framework",
				"${TARGET_BUILD_DIR}/${FRAMEWORKS_FOLDER_PATH}/YogaKit.framework",
			);
			runOnlyForDeploymentPostprocessing = 0;
			shellPath = /bin/sh;
			shellScript = "\"${SRCROOT}/Pods/Target Support Files/Pods-TokenHybrid/Pods-TokenHybrid-frameworks.sh\"\n";
			showEnvVarsInLog = 0;
		};
		BC1655CD9778B4CE888A1D40 /* [CP] Check Pods Manifest.lock */ = {
			isa = PBXShellScriptBuildPhase;
			buildActionMask = 2147483647;
			files = (
			);
			inputPaths = (
				"${PODS_PODFILE_DIR_PATH}/Podfile.lock",
				"${PODS_ROOT}/Manifest.lock",
			);
			name = "[CP] Check Pods Manifest.lock";
			outputPaths = (
				"$(DERIVED_FILE_DIR)/Pods-TokenHybrid-checkManifestLockResult.txt",
			);
			runOnlyForDeploymentPostprocessing = 0;
			shellPath = /bin/sh;
			shellScript = "diff \"${PODS_PODFILE_DIR_PATH}/Podfile.lock\" \"${PODS_ROOT}/Manifest.lock\" > /dev/null\nif [ $? != 0 ] ; then\n    # print error to STDERR\n    echo \"error: The sandbox is not in sync with the Podfile.lock. Run 'pod install' or update your CocoaPods installation.\" >&2\n    exit 1\nfi\n# This output is used by Xcode 'outputs' to avoid re-running this script phase.\necho \"SUCCESS\" > \"${SCRIPT_OUTPUT_FILE_0}\"\n";
			showEnvVarsInLog = 0;
		};
		DF1152E444DA3D573C36B29C /* [CP] Copy Pods Resources */ = {
			isa = PBXShellScriptBuildPhase;
			buildActionMask = 2147483647;
			files = (
			);
			inputPaths = (
			);
			name = "[CP] Copy Pods Resources";
			outputPaths = (
			);
			runOnlyForDeploymentPostprocessing = 0;
			shellPath = /bin/sh;
			shellScript = "\"${SRCROOT}/Pods/Target Support Files/Pods-TokenHybrid/Pods-TokenHybrid-resources.sh\"\n";
			showEnvVarsInLog = 0;
		};
/* End PBXShellScriptBuildPhase section */

/* Begin PBXSourcesBuildPhase section */
		9B69AFA81FB3117D0044AA28 /* Sources */ = {
			isa = PBXSourcesBuildPhase;
			buildActionMask = 2147483647;
			files = (
				9B7E77C11FB7584600B091BD /* TokenCompeleteView.m in Sources */,
				9B7E77C21FB7584600B091BD /* TokenConsoleCell.m in Sources */,
				9B7E77C31FB7584600B091BD /* TokenConsolePushView.m in Sources */,
				9B7E77C41FB7584600B091BD /* TokenConsoleView.m in Sources */,
				9B15C8421FC7B1EB00249B66 /* TokenPageControl.m in Sources */,
				9B7E77C51FB7584600B091BD /* TokenHybridDebugView.m in Sources */,
				9B3CD20B1FB53DC500AE516B /* TokenDataItem.m in Sources */,
				9B3CD20C1FB53DC500AE516B /* TokenTableCell.m in Sources */,
				9B3CD20D1FB53DC500AE516B /* TokenTableComponent.m in Sources */,
				9B3CD20E1FB53DC500AE516B /* TokenTableSectionView.m in Sources */,
				9BD0AE661FB43E6100C362FB /* TokenJSContext.m in Sources */,
				9BD0AE671FB43E6100C362FB /* TokenTool.m in Sources */,
				9B2EB07A1FB3F11F0007FE01 /* NSString+TokenHybrid.m in Sources */,
				9B69B0711FB31A1F0044AA28 /* Collection+Token.m in Sources */,
				9BD0AE871FB43FEF00C362FB /* TokenScrollComponent.m in Sources */,
				9B69B0721FB31A1F0044AA28 /* NSString+Token.m in Sources */,
				9B69B0731FB31A1F0044AA28 /* NSUserDefaults+Token.m in Sources */,
				9BD0AE8F1FB43FF000C362FB /* TokenSwitchComponent.m in Sources */,
				9BD0AE881FB43FEF00C362FB /* TokenSegmentedComponent.m in Sources */,
				9B69B0741FB31A1F0044AA28 /* UIColor+SSRender.m in Sources */,
				9B69B0751FB31A1F0044AA28 /* UIColor+Token.m in Sources */,
				9B69B0761FB31A1F0044AA28 /* UIView+Token.m in Sources */,
				9B69B0771FB31A1F0044AA28 /* UIViewController+Token.m in Sources */,
				9BD0AE8E1FB43FEF00C362FB /* TokenInputComponent.m in Sources */,
				9BD0AE5B1FB42E9C00C362FB /* UIView+Attributes.m in Sources */,
				9B69B08F1FB31A1F0044AA28 /* TokenDocument.m in Sources */,
				9BD0AE901FB43FF000C362FB /* TokenTextAreaComponent.m in Sources */,
				9BD0AE6D1FB43FC400C362FB /* NSDictionary+chainScript.m in Sources */,
				9B49F4251FD9672E00234C48 /* TokenUserNotification.m in Sources */,
				9B69B0901FB31A1F0044AA28 /* TokenXMLNode.m in Sources */,
				9B69B0911FB31A1F0044AA28 /* TokenCSSParser.m in Sources */,
				9B69B0921FB31A1F0044AA28 /* TokenXMLParser.m in Sources */,
				9B3CD2011FB49B1900AE516B /* TokenHybridRenderController.m in Sources */,
				9BD0AE8B1FB43FEF00C362FB /* TokenSearchBarComponent.m in Sources */,
				9BD0AE651FB43E5600C362FB /* JSValue+Token.m in Sources */,
				9BD0AE6A1FB43E7F00C362FB /* TokenPickerComponent.m in Sources */,
				9B8963AB1FB9ADF700DBFBCD /* TokenXMLNode+Animation.m in Sources */,
				9BD0AE861FB43FEF00C362FB /* TokenWebViewComponent.m in Sources */,
				9BD0AE581FB427A600C362FB /* UIView+TokenFlexLayout.m in Sources */,
				9BD0AE8A1FB43FEF00C362FB /* TokenLabelComponent.m in Sources */,
				9B69B0941FB31A1F0044AA28 /* TokenHybridConstant.m in Sources */,
				9B7F64E11FB44E70009F0889 /* TokenPureComponent.m in Sources */,
				9B69B0951FB31A1F0044AA28 /* TokenNodeComponentRegister.m in Sources */,
				9B69B0961FB31A1F0044AA28 /* TokenHybridStack.m in Sources */,
				9BD0AE8D1FB43FEF00C362FB /* TokenImageComponent.m in Sources */,
				9B69B0971FB31A1F0044AA28 /* TokenHybridOrganizer.m in Sources */,
				9B69B0981FB31A1F0044AA28 /* TokenViewBuilder.m in Sources */,
				9B69AFB41FB3117D0044AA28 /* ViewController.m in Sources */,
				9B7E77B51FB5BA8D00B091BD /* TokenComponent+pullRefresh.m in Sources */,
				9B2EB07D1FB402030007FE01 /* TokenXMLNode+JSExport.m in Sources */,
				9BD0AE891FB43FEF00C362FB /* TokenButtonComponent.m in Sources */,
				9B69AFBF1FB3117D0044AA28 /* main.m in Sources */,
				9B69AFB11FB3117D0044AA28 /* AppDelegate.m in Sources */,
			);
			runOnlyForDeploymentPostprocessing = 0;
		};
		9B69AFC01FB3117D0044AA28 /* Sources */ = {
			isa = PBXSourcesBuildPhase;
			buildActionMask = 2147483647;
			files = (
				9B69AFC91FB3117D0044AA28 /* TokenHybridTests.m in Sources */,
			);
			runOnlyForDeploymentPostprocessing = 0;
		};
/* End PBXSourcesBuildPhase section */

/* Begin PBXTargetDependency section */
		9B69AFC61FB3117D0044AA28 /* PBXTargetDependency */ = {
			isa = PBXTargetDependency;
			target = 9B69AFAB1FB3117D0044AA28 /* TokenHybrid */;
			targetProxy = 9B69AFC51FB3117D0044AA28 /* PBXContainerItemProxy */;
		};
/* End PBXTargetDependency section */

/* Begin PBXVariantGroup section */
		9B69AFB51FB3117D0044AA28 /* Main.storyboard */ = {
			isa = PBXVariantGroup;
			children = (
				9B69AFB61FB3117D0044AA28 /* Base */,
			);
			name = Main.storyboard;
			sourceTree = "<group>";
		};
		9B69AFBA1FB3117D0044AA28 /* LaunchScreen.storyboard */ = {
			isa = PBXVariantGroup;
			children = (
				9B69AFBB1FB3117D0044AA28 /* Base */,
			);
			name = LaunchScreen.storyboard;
			sourceTree = "<group>";
		};
/* End PBXVariantGroup section */

/* Begin XCBuildConfiguration section */
		9B69AFCB1FB3117D0044AA28 /* Debug */ = {
			isa = XCBuildConfiguration;
			buildSettings = {
				ALWAYS_SEARCH_USER_PATHS = NO;
				CLANG_ANALYZER_NONNULL = YES;
				CLANG_ANALYZER_NUMBER_OBJECT_CONVERSION = YES_AGGRESSIVE;
				CLANG_CXX_LANGUAGE_STANDARD = "gnu++14";
				CLANG_CXX_LIBRARY = "libc++";
				CLANG_ENABLE_MODULES = YES;
				CLANG_ENABLE_OBJC_ARC = YES;
				CLANG_WARN_BLOCK_CAPTURE_AUTORELEASING = YES;
				CLANG_WARN_BOOL_CONVERSION = YES;
				CLANG_WARN_COMMA = YES;
				CLANG_WARN_CONSTANT_CONVERSION = YES;
				CLANG_WARN_DIRECT_OBJC_ISA_USAGE = YES_ERROR;
				CLANG_WARN_DOCUMENTATION_COMMENTS = YES;
				CLANG_WARN_EMPTY_BODY = YES;
				CLANG_WARN_ENUM_CONVERSION = YES;
				CLANG_WARN_INFINITE_RECURSION = YES;
				CLANG_WARN_INT_CONVERSION = YES;
				CLANG_WARN_NON_LITERAL_NULL_CONVERSION = YES;
				CLANG_WARN_OBJC_LITERAL_CONVERSION = YES;
				CLANG_WARN_OBJC_ROOT_CLASS = YES_ERROR;
				CLANG_WARN_RANGE_LOOP_ANALYSIS = YES;
				CLANG_WARN_STRICT_PROTOTYPES = YES;
				CLANG_WARN_SUSPICIOUS_MOVE = YES;
				CLANG_WARN_UNGUARDED_AVAILABILITY = YES_AGGRESSIVE;
				CLANG_WARN_UNREACHABLE_CODE = YES;
				CLANG_WARN__DUPLICATE_METHOD_MATCH = YES;
				CODE_SIGN_IDENTITY = "iPhone Developer";
				COPY_PHASE_STRIP = NO;
				DEBUG_INFORMATION_FORMAT = dwarf;
				ENABLE_STRICT_OBJC_MSGSEND = YES;
				ENABLE_TESTABILITY = YES;
				GCC_C_LANGUAGE_STANDARD = gnu11;
				GCC_DYNAMIC_NO_PIC = NO;
				GCC_NO_COMMON_BLOCKS = YES;
				GCC_OPTIMIZATION_LEVEL = 0;
				GCC_PREPROCESSOR_DEFINITIONS = (
					"DEBUG=1",
					"$(inherited)",
				);
				GCC_WARN_64_TO_32_BIT_CONVERSION = YES;
				GCC_WARN_ABOUT_RETURN_TYPE = YES_ERROR;
				GCC_WARN_UNDECLARED_SELECTOR = YES;
				GCC_WARN_UNINITIALIZED_AUTOS = YES_AGGRESSIVE;
				GCC_WARN_UNUSED_FUNCTION = YES;
				GCC_WARN_UNUSED_VARIABLE = YES;
				IPHONEOS_DEPLOYMENT_TARGET = 11.0;
				MTL_ENABLE_DEBUG_INFO = YES;
				ONLY_ACTIVE_ARCH = YES;
				SDKROOT = iphoneos;
			};
			name = Debug;
		};
		9B69AFCC1FB3117D0044AA28 /* Release */ = {
			isa = XCBuildConfiguration;
			buildSettings = {
				ALWAYS_SEARCH_USER_PATHS = NO;
				CLANG_ANALYZER_NONNULL = YES;
				CLANG_ANALYZER_NUMBER_OBJECT_CONVERSION = YES_AGGRESSIVE;
				CLANG_CXX_LANGUAGE_STANDARD = "gnu++14";
				CLANG_CXX_LIBRARY = "libc++";
				CLANG_ENABLE_MODULES = YES;
				CLANG_ENABLE_OBJC_ARC = YES;
				CLANG_WARN_BLOCK_CAPTURE_AUTORELEASING = YES;
				CLANG_WARN_BOOL_CONVERSION = YES;
				CLANG_WARN_COMMA = YES;
				CLANG_WARN_CONSTANT_CONVERSION = YES;
				CLANG_WARN_DIRECT_OBJC_ISA_USAGE = YES_ERROR;
				CLANG_WARN_DOCUMENTATION_COMMENTS = YES;
				CLANG_WARN_EMPTY_BODY = YES;
				CLANG_WARN_ENUM_CONVERSION = YES;
				CLANG_WARN_INFINITE_RECURSION = YES;
				CLANG_WARN_INT_CONVERSION = YES;
				CLANG_WARN_NON_LITERAL_NULL_CONVERSION = YES;
				CLANG_WARN_OBJC_LITERAL_CONVERSION = YES;
				CLANG_WARN_OBJC_ROOT_CLASS = YES_ERROR;
				CLANG_WARN_RANGE_LOOP_ANALYSIS = YES;
				CLANG_WARN_STRICT_PROTOTYPES = YES;
				CLANG_WARN_SUSPICIOUS_MOVE = YES;
				CLANG_WARN_UNGUARDED_AVAILABILITY = YES_AGGRESSIVE;
				CLANG_WARN_UNREACHABLE_CODE = YES;
				CLANG_WARN__DUPLICATE_METHOD_MATCH = YES;
				CODE_SIGN_IDENTITY = "iPhone Developer";
				COPY_PHASE_STRIP = NO;
				DEBUG_INFORMATION_FORMAT = "dwarf-with-dsym";
				ENABLE_NS_ASSERTIONS = NO;
				ENABLE_STRICT_OBJC_MSGSEND = YES;
				GCC_C_LANGUAGE_STANDARD = gnu11;
				GCC_NO_COMMON_BLOCKS = YES;
				GCC_WARN_64_TO_32_BIT_CONVERSION = YES;
				GCC_WARN_ABOUT_RETURN_TYPE = YES_ERROR;
				GCC_WARN_UNDECLARED_SELECTOR = YES;
				GCC_WARN_UNINITIALIZED_AUTOS = YES_AGGRESSIVE;
				GCC_WARN_UNUSED_FUNCTION = YES;
				GCC_WARN_UNUSED_VARIABLE = YES;
				IPHONEOS_DEPLOYMENT_TARGET = 11.0;
				MTL_ENABLE_DEBUG_INFO = NO;
				SDKROOT = iphoneos;
				VALIDATE_PRODUCT = YES;
			};
			name = Release;
		};
		9B69AFCE1FB3117D0044AA28 /* Debug */ = {
			isa = XCBuildConfiguration;
			baseConfigurationReference = FB761CF93D96A72A3D3CAA0C /* Pods-TokenHybrid.debug.xcconfig */;
			buildSettings = {
				ALWAYS_EMBED_SWIFT_STANDARD_LIBRARIES = YES;
				ASSETCATALOG_COMPILER_APPICON_NAME = AppIcon;
				CODE_SIGN_STYLE = Automatic;
				DEVELOPMENT_TEAM = C9LLPH449N;
				INFOPLIST_FILE = TokenHybrid/Info.plist;
				IPHONEOS_DEPLOYMENT_TARGET = 9.0;
				LD_RUNPATH_SEARCH_PATHS = "$(inherited) @executable_path/Frameworks";
				PRODUCT_BUNDLE_IDENTIFIER = feelings.LTD.TokenHybrid;
				PRODUCT_NAME = "$(TARGET_NAME)";
				TARGETED_DEVICE_FAMILY = "1,2";
			};
			name = Debug;
		};
		9B69AFCF1FB3117D0044AA28 /* Release */ = {
			isa = XCBuildConfiguration;
			baseConfigurationReference = 67A344AA5B0106750828224A /* Pods-TokenHybrid.release.xcconfig */;
			buildSettings = {
				ALWAYS_EMBED_SWIFT_STANDARD_LIBRARIES = YES;
				ASSETCATALOG_COMPILER_APPICON_NAME = AppIcon;
				CODE_SIGN_STYLE = Automatic;
				DEVELOPMENT_TEAM = C9LLPH449N;
				INFOPLIST_FILE = TokenHybrid/Info.plist;
				IPHONEOS_DEPLOYMENT_TARGET = 9.0;
				LD_RUNPATH_SEARCH_PATHS = "$(inherited) @executable_path/Frameworks";
				PRODUCT_BUNDLE_IDENTIFIER = feelings.LTD.TokenHybrid;
				PRODUCT_NAME = "$(TARGET_NAME)";
				TARGETED_DEVICE_FAMILY = "1,2";
			};
			name = Release;
		};
		9B69AFD11FB3117D0044AA28 /* Debug */ = {
			isa = XCBuildConfiguration;
			buildSettings = {
				BUNDLE_LOADER = "$(TEST_HOST)";
				CODE_SIGN_STYLE = Automatic;
				DEVELOPMENT_TEAM = C9LLPH449N;
				INFOPLIST_FILE = TokenHybridTests/Info.plist;
				LD_RUNPATH_SEARCH_PATHS = "$(inherited) @executable_path/Frameworks @loader_path/Frameworks";
				PRODUCT_BUNDLE_IDENTIFIER = feelings.LTD.TokenHybridTests;
				PRODUCT_NAME = "$(TARGET_NAME)";
				TARGETED_DEVICE_FAMILY = "1,2";
				TEST_HOST = "$(BUILT_PRODUCTS_DIR)/TokenHybrid.app/TokenHybrid";
			};
			name = Debug;
		};
		9B69AFD21FB3117D0044AA28 /* Release */ = {
			isa = XCBuildConfiguration;
			buildSettings = {
				BUNDLE_LOADER = "$(TEST_HOST)";
				CODE_SIGN_STYLE = Automatic;
				DEVELOPMENT_TEAM = C9LLPH449N;
				INFOPLIST_FILE = TokenHybridTests/Info.plist;
				LD_RUNPATH_SEARCH_PATHS = "$(inherited) @executable_path/Frameworks @loader_path/Frameworks";
				PRODUCT_BUNDLE_IDENTIFIER = feelings.LTD.TokenHybridTests;
				PRODUCT_NAME = "$(TARGET_NAME)";
				TARGETED_DEVICE_FAMILY = "1,2";
				TEST_HOST = "$(BUILT_PRODUCTS_DIR)/TokenHybrid.app/TokenHybrid";
			};
			name = Release;
		};
/* End XCBuildConfiguration section */

/* Begin XCConfigurationList section */
		9B69AFA71FB3117D0044AA28 /* Build configuration list for PBXProject "TokenHybrid" */ = {
			isa = XCConfigurationList;
			buildConfigurations = (
				9B69AFCB1FB3117D0044AA28 /* Debug */,
				9B69AFCC1FB3117D0044AA28 /* Release */,
			);
			defaultConfigurationIsVisible = 0;
			defaultConfigurationName = Release;
		};
		9B69AFCD1FB3117D0044AA28 /* Build configuration list for PBXNativeTarget "TokenHybrid" */ = {
			isa = XCConfigurationList;
			buildConfigurations = (
				9B69AFCE1FB3117D0044AA28 /* Debug */,
				9B69AFCF1FB3117D0044AA28 /* Release */,
			);
			defaultConfigurationIsVisible = 0;
			defaultConfigurationName = Release;
		};
		9B69AFD01FB3117D0044AA28 /* Build configuration list for PBXNativeTarget "TokenHybridTests" */ = {
			isa = XCConfigurationList;
			buildConfigurations = (
				9B69AFD11FB3117D0044AA28 /* Debug */,
				9B69AFD21FB3117D0044AA28 /* Release */,
			);
			defaultConfigurationIsVisible = 0;
			defaultConfigurationName = Release;
		};
/* End XCConfigurationList section */
	};
	rootObject = 9B69AFA41FB3117D0044AA28 /* Project object */;
}
